// !$*UTF8*$!
{
	archiveVersion = 1;
	classes = {
	};
	objectVersion = 46;
	objects = {

/* Begin PBXBuildFile section */
		042F21B71DDFD5C1003ADF50 /* libz.tbd in Frameworks */ = {isa = PBXBuildFile; fileRef = 042F21B61DDFD5C1003ADF50 /* libz.tbd */; };
		042F21B91DDFD5D6003ADF50 /* libicucore.tbd in Frameworks */ = {isa = PBXBuildFile; fileRef = 042F21B81DDFD5D6003ADF50 /* libicucore.tbd */; };
		042F21BB1DDFD5E2003ADF50 /* MessageUI.framework in Frameworks */ = {isa = PBXBuildFile; fileRef = 042F21BA1DDFD5E2003ADF50 /* MessageUI.framework */; };
		042F21BD1DDFD5ED003ADF50 /* JavaScriptCore.framework in Frameworks */ = {isa = PBXBuildFile; fileRef = 042F21BC1DDFD5ED003ADF50 /* JavaScriptCore.framework */; };
		042F21BF1DDFD5FC003ADF50 /* libstdc++.tbd in Frameworks */ = {isa = PBXBuildFile; fileRef = 042F21BE1DDFD5FC003ADF50 /* libstdc++.tbd */; };
		0439A3EA1DE2C2EE00D05E53 /* HomeViewController1.m in Sources */ = {isa = PBXBuildFile; fileRef = 0439A3E81DE2C2EE00D05E53 /* HomeViewController1.m */; };
		0439A3EB1DE2C2EE00D05E53 /* HomeViewController1.xib in Resources */ = {isa = PBXBuildFile; fileRef = 0439A3E91DE2C2EE00D05E53 /* HomeViewController1.xib */; };
		0439A4081DE2CE5600D05E53 /* Info.plist in Resources */ = {isa = PBXBuildFile; fileRef = 0439A3EE1DE2CE5600D05E53 /* Info.plist */; };
		0439A4091DE2CE5600D05E53 /* MASCompositeConstraint.m in Sources */ = {isa = PBXBuildFile; fileRef = 0439A3F01DE2CE5600D05E53 /* MASCompositeConstraint.m */; };
		0439A40A1DE2CE5600D05E53 /* MASConstraint.m in Sources */ = {isa = PBXBuildFile; fileRef = 0439A3F31DE2CE5600D05E53 /* MASConstraint.m */; };
		0439A40B1DE2CE5600D05E53 /* MASConstraintMaker.m in Sources */ = {isa = PBXBuildFile; fileRef = 0439A3F51DE2CE5600D05E53 /* MASConstraintMaker.m */; };
		0439A40C1DE2CE5600D05E53 /* MASLayoutConstraint.m in Sources */ = {isa = PBXBuildFile; fileRef = 0439A3F71DE2CE5600D05E53 /* MASLayoutConstraint.m */; };
		0439A40D1DE2CE5600D05E53 /* MASViewAttribute.m in Sources */ = {isa = PBXBuildFile; fileRef = 0439A3FB1DE2CE5600D05E53 /* MASViewAttribute.m */; };
		0439A40E1DE2CE5600D05E53 /* MASViewConstraint.m in Sources */ = {isa = PBXBuildFile; fileRef = 0439A3FD1DE2CE5600D05E53 /* MASViewConstraint.m */; };
		0439A40F1DE2CE5600D05E53 /* NSArray+MASAdditions.m in Sources */ = {isa = PBXBuildFile; fileRef = 0439A3FF1DE2CE5600D05E53 /* NSArray+MASAdditions.m */; };
		0439A4101DE2CE5600D05E53 /* NSLayoutConstraint+MASDebugAdditions.m in Sources */ = {isa = PBXBuildFile; fileRef = 0439A4021DE2CE5600D05E53 /* NSLayoutConstraint+MASDebugAdditions.m */; };
		0439A4111DE2CE5600D05E53 /* View+MASAdditions.m in Sources */ = {isa = PBXBuildFile; fileRef = 0439A4041DE2CE5600D05E53 /* View+MASAdditions.m */; };
		0439A4121DE2CE5600D05E53 /* ViewController+MASAdditions.m in Sources */ = {isa = PBXBuildFile; fileRef = 0439A4071DE2CE5600D05E53 /* ViewController+MASAdditions.m */; };
		0439A4161DE2E52300D05E53 /* WLCircleProgressView.m in Sources */ = {isa = PBXBuildFile; fileRef = 0439A4151DE2E52300D05E53 /* WLCircleProgressView.m */; };
		0440D61F1DDE8803006242E2 /* main.m in Sources */ = {isa = PBXBuildFile; fileRef = 0440D61E1DDE8803006242E2 /* main.m */; };
		0440D6221DDE8803006242E2 /* AppDelegate.m in Sources */ = {isa = PBXBuildFile; fileRef = 0440D6211DDE8803006242E2 /* AppDelegate.m */; };
		0440D6251DDE8803006242E2 /* ViewController.m in Sources */ = {isa = PBXBuildFile; fileRef = 0440D6241DDE8803006242E2 /* ViewController.m */; };
		0440D6281DDE8803006242E2 /* Main.storyboard in Resources */ = {isa = PBXBuildFile; fileRef = 0440D6261DDE8803006242E2 /* Main.storyboard */; };
		0440D62A1DDE8803006242E2 /* Assets.xcassets in Resources */ = {isa = PBXBuildFile; fileRef = 0440D6291DDE8803006242E2 /* Assets.xcassets */; };
		0440D62D1DDE8803006242E2 /* LaunchScreen.storyboard in Resources */ = {isa = PBXBuildFile; fileRef = 0440D62B1DDE8803006242E2 /* LaunchScreen.storyboard */; };
		0440D6381DDE8804006242E2 /* HealthAssistantTests.m in Sources */ = {isa = PBXBuildFile; fileRef = 0440D6371DDE8804006242E2 /* HealthAssistantTests.m */; };
		0440D6431DDE8804006242E2 /* HealthAssistantUITests.m in Sources */ = {isa = PBXBuildFile; fileRef = 0440D6421DDE8804006242E2 /* HealthAssistantUITests.m */; };
		0440D67B1DDED941006242E2 /* LoadViewController.m in Sources */ = {isa = PBXBuildFile; fileRef = 0440D6731DDED941006242E2 /* LoadViewController.m */; };
		0440D67C1DDED941006242E2 /* LoadViewController.xib in Resources */ = {isa = PBXBuildFile; fileRef = 0440D6741DDED941006242E2 /* LoadViewController.xib */; };
		0440D67D1DDED941006242E2 /* RegisterViewController.m in Sources */ = {isa = PBXBuildFile; fileRef = 0440D6761DDED941006242E2 /* RegisterViewController.m */; };
		0440D67E1DDED941006242E2 /* RegisterViewController.xib in Resources */ = {isa = PBXBuildFile; fileRef = 0440D6771DDED941006242E2 /* RegisterViewController.xib */; };
		0440D67F1DDED941006242E2 /* SetPassWordViewController.m in Sources */ = {isa = PBXBuildFile; fileRef = 0440D6791DDED941006242E2 /* SetPassWordViewController.m */; };
		0440D6801DDED941006242E2 /* SetPassWordViewController.xib in Resources */ = {isa = PBXBuildFile; fileRef = 0440D67A1DDED941006242E2 /* SetPassWordViewController.xib */; };
		0440D6831DDED960006242E2 /* HomeViewController.m in Sources */ = {isa = PBXBuildFile; fileRef = 0440D6821DDED960006242E2 /* HomeViewController.m */; };
		044991D81DE3C9EA006719B2 /* MDPieView.m in Sources */ = {isa = PBXBuildFile; fileRef = 044991D71DE3C9EA006719B2 /* MDPieView.m */; };
		C006851B1DE2C1CD00E29535 /* UrlString.m in Sources */ = {isa = PBXBuildFile; fileRef = C006851A1DE2C1CD00E29535 /* UrlString.m */; };
		C00F02AA1DEE75A600ABFA5A /* CollectionViewCell.m in Sources */ = {isa = PBXBuildFile; fileRef = C00F02A81DEE75A600ABFA5A /* CollectionViewCell.m */; };
		C00F02AB1DEE75A600ABFA5A /* CollectionViewCell.xib in Resources */ = {isa = PBXBuildFile; fileRef = C00F02A91DEE75A600ABFA5A /* CollectionViewCell.xib */; };
		C032B9C21DE2C7AF000FB3C3 /* InputViewController.xib in Resources */ = {isa = PBXBuildFile; fileRef = C032B9C01DE2C7AF000FB3C3 /* InputViewController.xib */; };
		C056E48C1DE518CE00E0490F /* BloodGlucoseViewController.m in Sources */ = {isa = PBXBuildFile; fileRef = C056E48A1DE518CE00E0490F /* BloodGlucoseViewController.m */; };
		C056E48D1DE518CE00E0490F /* BloodGlucoseViewController.xib in Resources */ = {isa = PBXBuildFile; fileRef = C056E48B1DE518CE00E0490F /* BloodGlucoseViewController.xib */; };
		C056E4911DE51B6600E0490F /* BloodPressureViewController.m in Sources */ = {isa = PBXBuildFile; fileRef = C056E48F1DE51B6600E0490F /* BloodPressureViewController.m */; };
		C056E4921DE51B6600E0490F /* BloodPressureViewController.xib in Resources */ = {isa = PBXBuildFile; fileRef = C056E4901DE51B6600E0490F /* BloodPressureViewController.xib */; };
		C056E4961DE51F4A00E0490F /* PhotoViewController.m in Sources */ = {isa = PBXBuildFile; fileRef = C056E4941DE51F4A00E0490F /* PhotoViewController.m */; };
		C056E4971DE51F4A00E0490F /* PhotoViewController.xib in Resources */ = {isa = PBXBuildFile; fileRef = C056E4951DE51F4A00E0490F /* PhotoViewController.xib */; };
		C056E4C11DE5434600E0490F /* AFHTTPSessionManager.m in Sources */ = {isa = PBXBuildFile; fileRef = C056E49C1DE5434600E0490F /* AFHTTPSessionManager.m */; };
		C056E4C21DE5434600E0490F /* AFNetworkReachabilityManager.m in Sources */ = {isa = PBXBuildFile; fileRef = C056E49F1DE5434600E0490F /* AFNetworkReachabilityManager.m */; };
		C056E4C31DE5434600E0490F /* AFSecurityPolicy.m in Sources */ = {isa = PBXBuildFile; fileRef = C056E4A11DE5434600E0490F /* AFSecurityPolicy.m */; };
		C056E4C41DE5434600E0490F /* AFURLRequestSerialization.m in Sources */ = {isa = PBXBuildFile; fileRef = C056E4A31DE5434600E0490F /* AFURLRequestSerialization.m */; };
		C056E4C51DE5434600E0490F /* AFURLResponseSerialization.m in Sources */ = {isa = PBXBuildFile; fileRef = C056E4A51DE5434600E0490F /* AFURLResponseSerialization.m */; };
		C056E4C61DE5434600E0490F /* AFURLSessionManager.m in Sources */ = {isa = PBXBuildFile; fileRef = C056E4A71DE5434600E0490F /* AFURLSessionManager.m */; };
		C056E4C71DE5434600E0490F /* LICENSE in Resources */ = {isa = PBXBuildFile; fileRef = C056E4A81DE5434600E0490F /* LICENSE */; };
		C056E4C81DE5434600E0490F /* README.md in Sources */ = {isa = PBXBuildFile; fileRef = C056E4A91DE5434600E0490F /* README.md */; };
		C056E4C91DE5434600E0490F /* AFAutoPurgingImageCache.m in Sources */ = {isa = PBXBuildFile; fileRef = C056E4AC1DE5434600E0490F /* AFAutoPurgingImageCache.m */; };
		C056E4CA1DE5434600E0490F /* AFImageDownloader.m in Sources */ = {isa = PBXBuildFile; fileRef = C056E4AE1DE5434600E0490F /* AFImageDownloader.m */; };
		C056E4CB1DE5434600E0490F /* AFNetworkActivityIndicatorManager.m in Sources */ = {isa = PBXBuildFile; fileRef = C056E4B01DE5434600E0490F /* AFNetworkActivityIndicatorManager.m */; };
		C056E4CC1DE5434600E0490F /* UIActivityIndicatorView+AFNetworking.m in Sources */ = {isa = PBXBuildFile; fileRef = C056E4B21DE5434600E0490F /* UIActivityIndicatorView+AFNetworking.m */; };
		C056E4CD1DE5434600E0490F /* UIButton+AFNetworking.m in Sources */ = {isa = PBXBuildFile; fileRef = C056E4B41DE5434600E0490F /* UIButton+AFNetworking.m */; };
		C056E4CE1DE5434600E0490F /* UIImageView+AFNetworking.m in Sources */ = {isa = PBXBuildFile; fileRef = C056E4B71DE5434600E0490F /* UIImageView+AFNetworking.m */; };
		C056E4CF1DE5434600E0490F /* UIProgressView+AFNetworking.m in Sources */ = {isa = PBXBuildFile; fileRef = C056E4BA1DE5434600E0490F /* UIProgressView+AFNetworking.m */; };
		C056E4D01DE5434600E0490F /* UIRefreshControl+AFNetworking.m in Sources */ = {isa = PBXBuildFile; fileRef = C056E4BC1DE5434600E0490F /* UIRefreshControl+AFNetworking.m */; };
		C056E4D11DE5434600E0490F /* UIWebView+AFNetworking.m in Sources */ = {isa = PBXBuildFile; fileRef = C056E4BE1DE5434600E0490F /* UIWebView+AFNetworking.m */; };
		C056E4D21DE5434600E0490F /* XHNetworking.m in Sources */ = {isa = PBXBuildFile; fileRef = C056E4C01DE5434600E0490F /* XHNetworking.m */; };
		C08ED35C1DE2EB7700BDC7D3 /* TXHRrettyRuler.m in Sources */ = {isa = PBXBuildFile; fileRef = C08ED3591DE2EB7700BDC7D3 /* TXHRrettyRuler.m */; };
		C08ED35D1DE2EB7700BDC7D3 /* TXHRulerScrollView.m in Sources */ = {isa = PBXBuildFile; fileRef = C08ED35B1DE2EB7700BDC7D3 /* TXHRulerScrollView.m */; };
		C0A84F131DE592C80049EF2F /* SettingViewController.m in Sources */ = {isa = PBXBuildFile; fileRef = C0A84F111DE592C80049EF2F /* SettingViewController.m */; };
		C0A84F141DE592C80049EF2F /* SettingViewController.xib in Resources */ = {isa = PBXBuildFile; fileRef = C0A84F121DE592C80049EF2F /* SettingViewController.xib */; };
		C0A84F181DE595B00049EF2F /* SettingTableViewCell.m in Sources */ = {isa = PBXBuildFile; fileRef = C0A84F161DE595B00049EF2F /* SettingTableViewCell.m */; };
		C0A84F191DE595B00049EF2F /* SettingTableViewCell.xib in Resources */ = {isa = PBXBuildFile; fileRef = C0A84F171DE595B00049EF2F /* SettingTableViewCell.xib */; };
		C0B997011DE958EE0080BB62 /* ForgetNumViewController.m in Sources */ = {isa = PBXBuildFile; fileRef = C0B996FF1DE958EE0080BB62 /* ForgetNumViewController.m */; };
		C0B997021DE958EE0080BB62 /* ForgetNumViewController.xib in Resources */ = {isa = PBXBuildFile; fileRef = C0B997001DE958EE0080BB62 /* ForgetNumViewController.xib */; };
		C0B997061DE9603D0080BB62 /* ForgetVerifyViewController.m in Sources */ = {isa = PBXBuildFile; fileRef = C0B997041DE9603D0080BB62 /* ForgetVerifyViewController.m */; };
		C0B997071DE9603D0080BB62 /* ForgetVerifyViewController.xib in Resources */ = {isa = PBXBuildFile; fileRef = C0B997051DE9603D0080BB62 /* ForgetVerifyViewController.xib */; };
		C0B9970B1DE965CD0080BB62 /* ResetPwdViewController.m in Sources */ = {isa = PBXBuildFile; fileRef = C0B997091DE965CD0080BB62 /* ResetPwdViewController.m */; };
		C0B9970C1DE965CD0080BB62 /* ResetPwdViewController.xib in Resources */ = {isa = PBXBuildFile; fileRef = C0B9970A1DE965CD0080BB62 /* ResetPwdViewController.xib */; };
		C0D72BC51DE6C8480055AD50 /* PNLineChartView.m in Sources */ = {isa = PBXBuildFile; fileRef = C0D72BC21DE6C8480055AD50 /* PNLineChartView.m */; };
		C0D72BC61DE6C8480055AD50 /* PNPlot.m in Sources */ = {isa = PBXBuildFile; fileRef = C0D72BC41DE6C8480055AD50 /* PNPlot.m */; };
		C0D72BCA1DE6C8B50055AD50 /* LineViewController.m in Sources */ = {isa = PBXBuildFile; fileRef = C0D72BC81DE6C8B50055AD50 /* LineViewController.m */; };
		C0D72BCB1DE6C8B50055AD50 /* LineViewController.xib in Resources */ = {isa = PBXBuildFile; fileRef = C0D72BC91DE6C8B50055AD50 /* LineViewController.xib */; };
		C0E61F901DE3C64A0096ED0C /* InputViewController.m in Sources */ = {isa = PBXBuildFile; fileRef = C0E61F8F1DE3C64A0096ED0C /* InputViewController.m */; };
		C0E61F951DE3DE6C0096ED0C /* BaseViewController.m in Sources */ = {isa = PBXBuildFile; fileRef = C0E61F931DE3DE6C0096ED0C /* BaseViewController.m */; };
		C0E61F961DE3DE6C0096ED0C /* BaseViewController.xib in Resources */ = {isa = PBXBuildFile; fileRef = C0E61F941DE3DE6C0096ED0C /* BaseViewController.xib */; };
		C0E61F9A1DE3DEA50096ED0C /* heartRateViewController.m in Sources */ = {isa = PBXBuildFile; fileRef = C0E61F981DE3DEA50096ED0C /* heartRateViewController.m */; };
		C0E61F9B1DE3DEA50096ED0C /* heartRateViewController.xib in Resources */ = {isa = PBXBuildFile; fileRef = C0E61F991DE3DEA50096ED0C /* heartRateViewController.xib */; };
		C0E61FA51DE435B80096ED0C /* PopoverView.m in Sources */ = {isa = PBXBuildFile; fileRef = C0E61F9E1DE435B80096ED0C /* PopoverView.m */; };
		C0E61FA61DE435B80096ED0C /* SHLineGraphView.m in Sources */ = {isa = PBXBuildFile; fileRef = C0E61FA21DE435B80096ED0C /* SHLineGraphView.m */; };
		C0E61FA71DE435B80096ED0C /* SHPlot.m in Sources */ = {isa = PBXBuildFile; fileRef = C0E61FA41DE435B80096ED0C /* SHPlot.m */; };
		C0F0B9F71DED012500BAEEB1 /* MBProgressHUD.m in Sources */ = {isa = PBXBuildFile; fileRef = C0F0B9F61DED012500BAEEB1 /* MBProgressHUD.m */; };
		C0F9510C1DE5780C0009998C /* UIBarButtonItem+KM.m in Sources */ = {isa = PBXBuildFile; fileRef = C0F9510B1DE5780C0009998C /* UIBarButtonItem+KM.m */; };
		C0F951131DE57A090009998C /* UIImage+KM.m in Sources */ = {isa = PBXBuildFile; fileRef = C0F9510F1DE57A090009998C /* UIImage+KM.m */; };
		C0F951141DE57A090009998C /* UIView+KM.m in Sources */ = {isa = PBXBuildFile; fileRef = C0F951121DE57A090009998C /* UIView+KM.m */; };
/* End PBXBuildFile section */

/* Begin PBXContainerItemProxy section */
		0440D6341DDE8804006242E2 /* PBXContainerItemProxy */ = {
			isa = PBXContainerItemProxy;
			containerPortal = 0440D6121DDE8803006242E2 /* Project object */;
			proxyType = 1;
			remoteGlobalIDString = 0440D6191DDE8803006242E2;
			remoteInfo = HealthAssistant;
		};
		0440D63F1DDE8804006242E2 /* PBXContainerItemProxy */ = {
			isa = PBXContainerItemProxy;
			containerPortal = 0440D6121DDE8803006242E2 /* Project object */;
			proxyType = 1;
			remoteGlobalIDString = 0440D6191DDE8803006242E2;
			remoteInfo = HealthAssistant;
		};
/* End PBXContainerItemProxy section */

/* Begin PBXFileReference section */
		042F21B61DDFD5C1003ADF50 /* libz.tbd */ = {isa = PBXFileReference; lastKnownFileType = "sourcecode.text-based-dylib-definition"; name = libz.tbd; path = usr/lib/libz.tbd; sourceTree = SDKROOT; };
		042F21B81DDFD5D6003ADF50 /* libicucore.tbd */ = {isa = PBXFileReference; lastKnownFileType = "sourcecode.text-based-dylib-definition"; name = libicucore.tbd; path = usr/lib/libicucore.tbd; sourceTree = SDKROOT; };
		042F21BA1DDFD5E2003ADF50 /* MessageUI.framework */ = {isa = PBXFileReference; lastKnownFileType = wrapper.framework; name = MessageUI.framework; path = System/Library/Frameworks/MessageUI.framework; sourceTree = SDKROOT; };
		042F21BC1DDFD5ED003ADF50 /* JavaScriptCore.framework */ = {isa = PBXFileReference; lastKnownFileType = wrapper.framework; name = JavaScriptCore.framework; path = System/Library/Frameworks/JavaScriptCore.framework; sourceTree = SDKROOT; };
		042F21BE1DDFD5FC003ADF50 /* libstdc++.tbd */ = {isa = PBXFileReference; lastKnownFileType = "sourcecode.text-based-dylib-definition"; name = "libstdc++.tbd"; path = "usr/lib/libstdc++.tbd"; sourceTree = SDKROOT; };
		0439A3E71DE2C2EE00D05E53 /* HomeViewController1.h */ = {isa = PBXFileReference; fileEncoding = 4; lastKnownFileType = sourcecode.c.h; path = HomeViewController1.h; sourceTree = "<group>"; };
		0439A3E81DE2C2EE00D05E53 /* HomeViewController1.m */ = {isa = PBXFileReference; fileEncoding = 4; lastKnownFileType = sourcecode.c.objc; path = HomeViewController1.m; sourceTree = "<group>"; };
		0439A3E91DE2C2EE00D05E53 /* HomeViewController1.xib */ = {isa = PBXFileReference; fileEncoding = 4; lastKnownFileType = file.xib; path = HomeViewController1.xib; sourceTree = "<group>"; };
		0439A3EE1DE2CE5600D05E53 /* Info.plist */ = {isa = PBXFileReference; fileEncoding = 4; lastKnownFileType = text.plist.xml; path = Info.plist; sourceTree = "<group>"; };
		0439A3EF1DE2CE5600D05E53 /* MASCompositeConstraint.h */ = {isa = PBXFileReference; fileEncoding = 4; lastKnownFileType = sourcecode.c.h; path = MASCompositeConstraint.h; sourceTree = "<group>"; };
		0439A3F01DE2CE5600D05E53 /* MASCompositeConstraint.m */ = {isa = PBXFileReference; fileEncoding = 4; lastKnownFileType = sourcecode.c.objc; path = MASCompositeConstraint.m; sourceTree = "<group>"; };
		0439A3F11DE2CE5600D05E53 /* MASConstraint+Private.h */ = {isa = PBXFileReference; fileEncoding = 4; lastKnownFileType = sourcecode.c.h; path = "MASConstraint+Private.h"; sourceTree = "<group>"; };
		0439A3F21DE2CE5600D05E53 /* MASConstraint.h */ = {isa = PBXFileReference; fileEncoding = 4; lastKnownFileType = sourcecode.c.h; path = MASConstraint.h; sourceTree = "<group>"; };
		0439A3F31DE2CE5600D05E53 /* MASConstraint.m */ = {isa = PBXFileReference; fileEncoding = 4; lastKnownFileType = sourcecode.c.objc; path = MASConstraint.m; sourceTree = "<group>"; };
		0439A3F41DE2CE5600D05E53 /* MASConstraintMaker.h */ = {isa = PBXFileReference; fileEncoding = 4; lastKnownFileType = sourcecode.c.h; path = MASConstraintMaker.h; sourceTree = "<group>"; };
		0439A3F51DE2CE5600D05E53 /* MASConstraintMaker.m */ = {isa = PBXFileReference; fileEncoding = 4; lastKnownFileType = sourcecode.c.objc; path = MASConstraintMaker.m; sourceTree = "<group>"; };
		0439A3F61DE2CE5600D05E53 /* MASLayoutConstraint.h */ = {isa = PBXFileReference; fileEncoding = 4; lastKnownFileType = sourcecode.c.h; path = MASLayoutConstraint.h; sourceTree = "<group>"; };
		0439A3F71DE2CE5600D05E53 /* MASLayoutConstraint.m */ = {isa = PBXFileReference; fileEncoding = 4; lastKnownFileType = sourcecode.c.objc; path = MASLayoutConstraint.m; sourceTree = "<group>"; };
		0439A3F81DE2CE5600D05E53 /* Masonry.h */ = {isa = PBXFileReference; fileEncoding = 4; lastKnownFileType = sourcecode.c.h; path = Masonry.h; sourceTree = "<group>"; };
		0439A3F91DE2CE5600D05E53 /* MASUtilities.h */ = {isa = PBXFileReference; fileEncoding = 4; lastKnownFileType = sourcecode.c.h; path = MASUtilities.h; sourceTree = "<group>"; };
		0439A3FA1DE2CE5600D05E53 /* MASViewAttribute.h */ = {isa = PBXFileReference; fileEncoding = 4; lastKnownFileType = sourcecode.c.h; path = MASViewAttribute.h; sourceTree = "<group>"; };
		0439A3FB1DE2CE5600D05E53 /* MASViewAttribute.m */ = {isa = PBXFileReference; fileEncoding = 4; lastKnownFileType = sourcecode.c.objc; path = MASViewAttribute.m; sourceTree = "<group>"; };
		0439A3FC1DE2CE5600D05E53 /* MASViewConstraint.h */ = {isa = PBXFileReference; fileEncoding = 4; lastKnownFileType = sourcecode.c.h; path = MASViewConstraint.h; sourceTree = "<group>"; };
		0439A3FD1DE2CE5600D05E53 /* MASViewConstraint.m */ = {isa = PBXFileReference; fileEncoding = 4; lastKnownFileType = sourcecode.c.objc; path = MASViewConstraint.m; sourceTree = "<group>"; };
		0439A3FE1DE2CE5600D05E53 /* NSArray+MASAdditions.h */ = {isa = PBXFileReference; fileEncoding = 4; lastKnownFileType = sourcecode.c.h; path = "NSArray+MASAdditions.h"; sourceTree = "<group>"; };
		0439A3FF1DE2CE5600D05E53 /* NSArray+MASAdditions.m */ = {isa = PBXFileReference; fileEncoding = 4; lastKnownFileType = sourcecode.c.objc; path = "NSArray+MASAdditions.m"; sourceTree = "<group>"; };
		0439A4001DE2CE5600D05E53 /* NSArray+MASShorthandAdditions.h */ = {isa = PBXFileReference; fileEncoding = 4; lastKnownFileType = sourcecode.c.h; path = "NSArray+MASShorthandAdditions.h"; sourceTree = "<group>"; };
		0439A4011DE2CE5600D05E53 /* NSLayoutConstraint+MASDebugAdditions.h */ = {isa = PBXFileReference; fileEncoding = 4; lastKnownFileType = sourcecode.c.h; path = "NSLayoutConstraint+MASDebugAdditions.h"; sourceTree = "<group>"; };
		0439A4021DE2CE5600D05E53 /* NSLayoutConstraint+MASDebugAdditions.m */ = {isa = PBXFileReference; fileEncoding = 4; lastKnownFileType = sourcecode.c.objc; path = "NSLayoutConstraint+MASDebugAdditions.m"; sourceTree = "<group>"; };
		0439A4031DE2CE5600D05E53 /* View+MASAdditions.h */ = {isa = PBXFileReference; fileEncoding = 4; lastKnownFileType = sourcecode.c.h; path = "View+MASAdditions.h"; sourceTree = "<group>"; };
		0439A4041DE2CE5600D05E53 /* View+MASAdditions.m */ = {isa = PBXFileReference; fileEncoding = 4; lastKnownFileType = sourcecode.c.objc; path = "View+MASAdditions.m"; sourceTree = "<group>"; };
		0439A4051DE2CE5600D05E53 /* View+MASShorthandAdditions.h */ = {isa = PBXFileReference; fileEncoding = 4; lastKnownFileType = sourcecode.c.h; path = "View+MASShorthandAdditions.h"; sourceTree = "<group>"; };
		0439A4061DE2CE5600D05E53 /* ViewController+MASAdditions.h */ = {isa = PBXFileReference; fileEncoding = 4; lastKnownFileType = sourcecode.c.h; path = "ViewController+MASAdditions.h"; sourceTree = "<group>"; };
		0439A4071DE2CE5600D05E53 /* ViewController+MASAdditions.m */ = {isa = PBXFileReference; fileEncoding = 4; lastKnownFileType = sourcecode.c.objc; path = "ViewController+MASAdditions.m"; sourceTree = "<group>"; };
		0439A4141DE2E52300D05E53 /* WLCircleProgressView.h */ = {isa = PBXFileReference; fileEncoding = 4; lastKnownFileType = sourcecode.c.h; path = WLCircleProgressView.h; sourceTree = "<group>"; };
		0439A4151DE2E52300D05E53 /* WLCircleProgressView.m */ = {isa = PBXFileReference; fileEncoding = 4; lastKnownFileType = sourcecode.c.objc; path = WLCircleProgressView.m; sourceTree = "<group>"; };
		0440D61A1DDE8803006242E2 /* HealthAssistant.app */ = {isa = PBXFileReference; explicitFileType = wrapper.application; includeInIndex = 0; path = HealthAssistant.app; sourceTree = BUILT_PRODUCTS_DIR; };
		0440D61E1DDE8803006242E2 /* main.m */ = {isa = PBXFileReference; lastKnownFileType = sourcecode.c.objc; path = main.m; sourceTree = "<group>"; };
		0440D6201DDE8803006242E2 /* AppDelegate.h */ = {isa = PBXFileReference; lastKnownFileType = sourcecode.c.h; path = AppDelegate.h; sourceTree = "<group>"; };
		0440D6211DDE8803006242E2 /* AppDelegate.m */ = {isa = PBXFileReference; lastKnownFileType = sourcecode.c.objc; path = AppDelegate.m; sourceTree = "<group>"; };
		0440D6231DDE8803006242E2 /* ViewController.h */ = {isa = PBXFileReference; lastKnownFileType = sourcecode.c.h; path = ViewController.h; sourceTree = "<group>"; };
		0440D6241DDE8803006242E2 /* ViewController.m */ = {isa = PBXFileReference; lastKnownFileType = sourcecode.c.objc; path = ViewController.m; sourceTree = "<group>"; };
		0440D6271DDE8803006242E2 /* Base */ = {isa = PBXFileReference; lastKnownFileType = file.storyboard; name = Base; path = Base.lproj/Main.storyboard; sourceTree = "<group>"; };
		0440D6291DDE8803006242E2 /* Assets.xcassets */ = {isa = PBXFileReference; lastKnownFileType = folder.assetcatalog; path = Assets.xcassets; sourceTree = "<group>"; };
		0440D62C1DDE8803006242E2 /* Base */ = {isa = PBXFileReference; lastKnownFileType = file.storyboard; name = Base; path = Base.lproj/LaunchScreen.storyboard; sourceTree = "<group>"; };
		0440D62E1DDE8803006242E2 /* Info.plist */ = {isa = PBXFileReference; lastKnownFileType = text.plist.xml; path = Info.plist; sourceTree = "<group>"; };
		0440D6331DDE8804006242E2 /* HealthAssistantTests.xctest */ = {isa = PBXFileReference; explicitFileType = wrapper.cfbundle; includeInIndex = 0; path = HealthAssistantTests.xctest; sourceTree = BUILT_PRODUCTS_DIR; };
		0440D6371DDE8804006242E2 /* HealthAssistantTests.m */ = {isa = PBXFileReference; lastKnownFileType = sourcecode.c.objc; path = HealthAssistantTests.m; sourceTree = "<group>"; };
		0440D6391DDE8804006242E2 /* Info.plist */ = {isa = PBXFileReference; lastKnownFileType = text.plist.xml; path = Info.plist; sourceTree = "<group>"; };
		0440D63E1DDE8804006242E2 /* HealthAssistantUITests.xctest */ = {isa = PBXFileReference; explicitFileType = wrapper.cfbundle; includeInIndex = 0; path = HealthAssistantUITests.xctest; sourceTree = BUILT_PRODUCTS_DIR; };
		0440D6421DDE8804006242E2 /* HealthAssistantUITests.m */ = {isa = PBXFileReference; lastKnownFileType = sourcecode.c.objc; path = HealthAssistantUITests.m; sourceTree = "<group>"; };
		0440D6441DDE8804006242E2 /* Info.plist */ = {isa = PBXFileReference; lastKnownFileType = text.plist.xml; path = Info.plist; sourceTree = "<group>"; };
		0440D6721DDED941006242E2 /* LoadViewController.h */ = {isa = PBXFileReference; fileEncoding = 4; lastKnownFileType = sourcecode.c.h; path = LoadViewController.h; sourceTree = "<group>"; };
		0440D6731DDED941006242E2 /* LoadViewController.m */ = {isa = PBXFileReference; fileEncoding = 4; lastKnownFileType = sourcecode.c.objc; path = LoadViewController.m; sourceTree = "<group>"; };
		0440D6741DDED941006242E2 /* LoadViewController.xib */ = {isa = PBXFileReference; fileEncoding = 4; lastKnownFileType = file.xib; path = LoadViewController.xib; sourceTree = "<group>"; };
		0440D6751DDED941006242E2 /* RegisterViewController.h */ = {isa = PBXFileReference; fileEncoding = 4; lastKnownFileType = sourcecode.c.h; path = RegisterViewController.h; sourceTree = "<group>"; };
		0440D6761DDED941006242E2 /* RegisterViewController.m */ = {isa = PBXFileReference; fileEncoding = 4; lastKnownFileType = sourcecode.c.objc; path = RegisterViewController.m; sourceTree = "<group>"; };
		0440D6771DDED941006242E2 /* RegisterViewController.xib */ = {isa = PBXFileReference; fileEncoding = 4; lastKnownFileType = file.xib; path = RegisterViewController.xib; sourceTree = "<group>"; };
		0440D6781DDED941006242E2 /* SetPassWordViewController.h */ = {isa = PBXFileReference; fileEncoding = 4; lastKnownFileType = sourcecode.c.h; path = SetPassWordViewController.h; sourceTree = "<group>"; };
		0440D6791DDED941006242E2 /* SetPassWordViewController.m */ = {isa = PBXFileReference; fileEncoding = 4; lastKnownFileType = sourcecode.c.objc; path = SetPassWordViewController.m; sourceTree = "<group>"; };
		0440D67A1DDED941006242E2 /* SetPassWordViewController.xib */ = {isa = PBXFileReference; fileEncoding = 4; lastKnownFileType = file.xib; path = SetPassWordViewController.xib; sourceTree = "<group>"; };
		0440D6811DDED960006242E2 /* HomeViewController.h */ = {isa = PBXFileReference; fileEncoding = 4; lastKnownFileType = sourcecode.c.h; path = HomeViewController.h; sourceTree = "<group>"; };
		0440D6821DDED960006242E2 /* HomeViewController.m */ = {isa = PBXFileReference; fileEncoding = 4; lastKnownFileType = sourcecode.c.objc; path = HomeViewController.m; sourceTree = "<group>"; };
		044991D61DE3C9EA006719B2 /* MDPieView.h */ = {isa = PBXFileReference; fileEncoding = 4; lastKnownFileType = sourcecode.c.h; path = MDPieView.h; sourceTree = "<group>"; };
		044991D71DE3C9EA006719B2 /* MDPieView.m */ = {isa = PBXFileReference; fileEncoding = 4; lastKnownFileType = sourcecode.c.objc; path = MDPieView.m; sourceTree = "<group>"; };
		C00685191DE2C1CD00E29535 /* UrlString.h */ = {isa = PBXFileReference; fileEncoding = 4; lastKnownFileType = sourcecode.c.h; path = UrlString.h; sourceTree = "<group>"; };
		C006851A1DE2C1CD00E29535 /* UrlString.m */ = {isa = PBXFileReference; fileEncoding = 4; lastKnownFileType = sourcecode.c.objc; path = UrlString.m; sourceTree = "<group>"; };
		C00F02A71DEE75A600ABFA5A /* CollectionViewCell.h */ = {isa = PBXFileReference; fileEncoding = 4; lastKnownFileType = sourcecode.c.h; path = CollectionViewCell.h; sourceTree = "<group>"; };
		C00F02A81DEE75A600ABFA5A /* CollectionViewCell.m */ = {isa = PBXFileReference; fileEncoding = 4; lastKnownFileType = sourcecode.c.objc; path = CollectionViewCell.m; sourceTree = "<group>"; };
		C00F02A91DEE75A600ABFA5A /* CollectionViewCell.xib */ = {isa = PBXFileReference; fileEncoding = 4; lastKnownFileType = file.xib; path = CollectionViewCell.xib; sourceTree = "<group>"; };
		C032B9BE1DE2C7AF000FB3C3 /* InputViewController.h */ = {isa = PBXFileReference; fileEncoding = 4; lastKnownFileType = sourcecode.c.h; path = InputViewController.h; sourceTree = "<group>"; };
		C032B9C01DE2C7AF000FB3C3 /* InputViewController.xib */ = {isa = PBXFileReference; fileEncoding = 4; lastKnownFileType = file.xib; path = InputViewController.xib; sourceTree = "<group>"; };
		C056E4891DE518CE00E0490F /* BloodGlucoseViewController.h */ = {isa = PBXFileReference; fileEncoding = 4; lastKnownFileType = sourcecode.c.h; path = BloodGlucoseViewController.h; sourceTree = "<group>"; };
		C056E48A1DE518CE00E0490F /* BloodGlucoseViewController.m */ = {isa = PBXFileReference; fileEncoding = 4; lastKnownFileType = sourcecode.c.objc; path = BloodGlucoseViewController.m; sourceTree = "<group>"; };
		C056E48B1DE518CE00E0490F /* BloodGlucoseViewController.xib */ = {isa = PBXFileReference; fileEncoding = 4; lastKnownFileType = file.xib; path = BloodGlucoseViewController.xib; sourceTree = "<group>"; };
		C056E48E1DE51B6600E0490F /* BloodPressureViewController.h */ = {isa = PBXFileReference; fileEncoding = 4; lastKnownFileType = sourcecode.c.h; path = BloodPressureViewController.h; sourceTree = "<group>"; };
		C056E48F1DE51B6600E0490F /* BloodPressureViewController.m */ = {isa = PBXFileReference; fileEncoding = 4; lastKnownFileType = sourcecode.c.objc; path = BloodPressureViewController.m; sourceTree = "<group>"; };
		C056E4901DE51B6600E0490F /* BloodPressureViewController.xib */ = {isa = PBXFileReference; fileEncoding = 4; lastKnownFileType = file.xib; path = BloodPressureViewController.xib; sourceTree = "<group>"; };
		C056E4931DE51F4A00E0490F /* PhotoViewController.h */ = {isa = PBXFileReference; fileEncoding = 4; lastKnownFileType = sourcecode.c.h; path = PhotoViewController.h; sourceTree = "<group>"; };
		C056E4941DE51F4A00E0490F /* PhotoViewController.m */ = {isa = PBXFileReference; fileEncoding = 4; lastKnownFileType = sourcecode.c.objc; path = PhotoViewController.m; sourceTree = "<group>"; };
		C056E4951DE51F4A00E0490F /* PhotoViewController.xib */ = {isa = PBXFileReference; fileEncoding = 4; lastKnownFileType = file.xib; path = PhotoViewController.xib; sourceTree = "<group>"; };
		C056E49B1DE5434600E0490F /* AFHTTPSessionManager.h */ = {isa = PBXFileReference; fileEncoding = 4; lastKnownFileType = sourcecode.c.h; path = AFHTTPSessionManager.h; sourceTree = "<group>"; };
		C056E49C1DE5434600E0490F /* AFHTTPSessionManager.m */ = {isa = PBXFileReference; fileEncoding = 4; lastKnownFileType = sourcecode.c.objc; path = AFHTTPSessionManager.m; sourceTree = "<group>"; };
		C056E49D1DE5434600E0490F /* AFNetworking.h */ = {isa = PBXFileReference; fileEncoding = 4; lastKnownFileType = sourcecode.c.h; path = AFNetworking.h; sourceTree = "<group>"; };
		C056E49E1DE5434600E0490F /* AFNetworkReachabilityManager.h */ = {isa = PBXFileReference; fileEncoding = 4; lastKnownFileType = sourcecode.c.h; path = AFNetworkReachabilityManager.h; sourceTree = "<group>"; };
		C056E49F1DE5434600E0490F /* AFNetworkReachabilityManager.m */ = {isa = PBXFileReference; fileEncoding = 4; lastKnownFileType = sourcecode.c.objc; path = AFNetworkReachabilityManager.m; sourceTree = "<group>"; };
		C056E4A01DE5434600E0490F /* AFSecurityPolicy.h */ = {isa = PBXFileReference; fileEncoding = 4; lastKnownFileType = sourcecode.c.h; path = AFSecurityPolicy.h; sourceTree = "<group>"; };
		C056E4A11DE5434600E0490F /* AFSecurityPolicy.m */ = {isa = PBXFileReference; fileEncoding = 4; lastKnownFileType = sourcecode.c.objc; path = AFSecurityPolicy.m; sourceTree = "<group>"; };
		C056E4A21DE5434600E0490F /* AFURLRequestSerialization.h */ = {isa = PBXFileReference; fileEncoding = 4; lastKnownFileType = sourcecode.c.h; path = AFURLRequestSerialization.h; sourceTree = "<group>"; };
		C056E4A31DE5434600E0490F /* AFURLRequestSerialization.m */ = {isa = PBXFileReference; fileEncoding = 4; lastKnownFileType = sourcecode.c.objc; path = AFURLRequestSerialization.m; sourceTree = "<group>"; };
		C056E4A41DE5434600E0490F /* AFURLResponseSerialization.h */ = {isa = PBXFileReference; fileEncoding = 4; lastKnownFileType = sourcecode.c.h; path = AFURLResponseSerialization.h; sourceTree = "<group>"; };
		C056E4A51DE5434600E0490F /* AFURLResponseSerialization.m */ = {isa = PBXFileReference; fileEncoding = 4; lastKnownFileType = sourcecode.c.objc; path = AFURLResponseSerialization.m; sourceTree = "<group>"; };
		C056E4A61DE5434600E0490F /* AFURLSessionManager.h */ = {isa = PBXFileReference; fileEncoding = 4; lastKnownFileType = sourcecode.c.h; path = AFURLSessionManager.h; sourceTree = "<group>"; };
		C056E4A71DE5434600E0490F /* AFURLSessionManager.m */ = {isa = PBXFileReference; fileEncoding = 4; lastKnownFileType = sourcecode.c.objc; path = AFURLSessionManager.m; sourceTree = "<group>"; };
		C056E4A81DE5434600E0490F /* LICENSE */ = {isa = PBXFileReference; fileEncoding = 4; lastKnownFileType = text; path = LICENSE; sourceTree = "<group>"; };
		C056E4A91DE5434600E0490F /* README.md */ = {isa = PBXFileReference; fileEncoding = 4; lastKnownFileType = net.daringfireball.markdown; path = README.md; sourceTree = "<group>"; };
		C056E4AB1DE5434600E0490F /* AFAutoPurgingImageCache.h */ = {isa = PBXFileReference; fileEncoding = 4; lastKnownFileType = sourcecode.c.h; path = AFAutoPurgingImageCache.h; sourceTree = "<group>"; };
		C056E4AC1DE5434600E0490F /* AFAutoPurgingImageCache.m */ = {isa = PBXFileReference; fileEncoding = 4; lastKnownFileType = sourcecode.c.objc; path = AFAutoPurgingImageCache.m; sourceTree = "<group>"; };
		C056E4AD1DE5434600E0490F /* AFImageDownloader.h */ = {isa = PBXFileReference; fileEncoding = 4; lastKnownFileType = sourcecode.c.h; path = AFImageDownloader.h; sourceTree = "<group>"; };
		C056E4AE1DE5434600E0490F /* AFImageDownloader.m */ = {isa = PBXFileReference; fileEncoding = 4; lastKnownFileType = sourcecode.c.objc; path = AFImageDownloader.m; sourceTree = "<group>"; };
		C056E4AF1DE5434600E0490F /* AFNetworkActivityIndicatorManager.h */ = {isa = PBXFileReference; fileEncoding = 4; lastKnownFileType = sourcecode.c.h; path = AFNetworkActivityIndicatorManager.h; sourceTree = "<group>"; };
		C056E4B01DE5434600E0490F /* AFNetworkActivityIndicatorManager.m */ = {isa = PBXFileReference; fileEncoding = 4; lastKnownFileType = sourcecode.c.objc; path = AFNetworkActivityIndicatorManager.m; sourceTree = "<group>"; };
		C056E4B11DE5434600E0490F /* UIActivityIndicatorView+AFNetworking.h */ = {isa = PBXFileReference; fileEncoding = 4; lastKnownFileType = sourcecode.c.h; path = "UIActivityIndicatorView+AFNetworking.h"; sourceTree = "<group>"; };
		C056E4B21DE5434600E0490F /* UIActivityIndicatorView+AFNetworking.m */ = {isa = PBXFileReference; fileEncoding = 4; lastKnownFileType = sourcecode.c.objc; path = "UIActivityIndicatorView+AFNetworking.m"; sourceTree = "<group>"; };
		C056E4B31DE5434600E0490F /* UIButton+AFNetworking.h */ = {isa = PBXFileReference; fileEncoding = 4; lastKnownFileType = sourcecode.c.h; path = "UIButton+AFNetworking.h"; sourceTree = "<group>"; };
		C056E4B41DE5434600E0490F /* UIButton+AFNetworking.m */ = {isa = PBXFileReference; fileEncoding = 4; lastKnownFileType = sourcecode.c.objc; path = "UIButton+AFNetworking.m"; sourceTree = "<group>"; };
		C056E4B51DE5434600E0490F /* UIImage+AFNetworking.h */ = {isa = PBXFileReference; fileEncoding = 4; lastKnownFileType = sourcecode.c.h; path = "UIImage+AFNetworking.h"; sourceTree = "<group>"; };
		C056E4B61DE5434600E0490F /* UIImageView+AFNetworking.h */ = {isa = PBXFileReference; fileEncoding = 4; lastKnownFileType = sourcecode.c.h; path = "UIImageView+AFNetworking.h"; sourceTree = "<group>"; };
		C056E4B71DE5434600E0490F /* UIImageView+AFNetworking.m */ = {isa = PBXFileReference; fileEncoding = 4; lastKnownFileType = sourcecode.c.objc; path = "UIImageView+AFNetworking.m"; sourceTree = "<group>"; };
		C056E4B81DE5434600E0490F /* UIKit+AFNetworking.h */ = {isa = PBXFileReference; fileEncoding = 4; lastKnownFileType = sourcecode.c.h; path = "UIKit+AFNetworking.h"; sourceTree = "<group>"; };
		C056E4B91DE5434600E0490F /* UIProgressView+AFNetworking.h */ = {isa = PBXFileReference; fileEncoding = 4; lastKnownFileType = sourcecode.c.h; path = "UIProgressView+AFNetworking.h"; sourceTree = "<group>"; };
		C056E4BA1DE5434600E0490F /* UIProgressView+AFNetworking.m */ = {isa = PBXFileReference; fileEncoding = 4; lastKnownFileType = sourcecode.c.objc; path = "UIProgressView+AFNetworking.m"; sourceTree = "<group>"; };
		C056E4BB1DE5434600E0490F /* UIRefreshControl+AFNetworking.h */ = {isa = PBXFileReference; fileEncoding = 4; lastKnownFileType = sourcecode.c.h; path = "UIRefreshControl+AFNetworking.h"; sourceTree = "<group>"; };
		C056E4BC1DE5434600E0490F /* UIRefreshControl+AFNetworking.m */ = {isa = PBXFileReference; fileEncoding = 4; lastKnownFileType = sourcecode.c.objc; path = "UIRefreshControl+AFNetworking.m"; sourceTree = "<group>"; };
		C056E4BD1DE5434600E0490F /* UIWebView+AFNetworking.h */ = {isa = PBXFileReference; fileEncoding = 4; lastKnownFileType = sourcecode.c.h; path = "UIWebView+AFNetworking.h"; sourceTree = "<group>"; };
		C056E4BE1DE5434600E0490F /* UIWebView+AFNetworking.m */ = {isa = PBXFileReference; fileEncoding = 4; lastKnownFileType = sourcecode.c.objc; path = "UIWebView+AFNetworking.m"; sourceTree = "<group>"; };
		C056E4BF1DE5434600E0490F /* XHNetworking.h */ = {isa = PBXFileReference; fileEncoding = 4; lastKnownFileType = sourcecode.c.h; path = XHNetworking.h; sourceTree = "<group>"; };
		C056E4C01DE5434600E0490F /* XHNetworking.m */ = {isa = PBXFileReference; fileEncoding = 4; lastKnownFileType = sourcecode.c.objc; path = XHNetworking.m; sourceTree = "<group>"; };
		C08ED3551DE2CF0E00BDC7D3 /* PrefixHeader.pch */ = {isa = PBXFileReference; fileEncoding = 4; lastKnownFileType = sourcecode.c.h; path = PrefixHeader.pch; sourceTree = "<group>"; };
		C08ED3581DE2EB7700BDC7D3 /* TXHRrettyRuler.h */ = {isa = PBXFileReference; fileEncoding = 4; lastKnownFileType = sourcecode.c.h; path = TXHRrettyRuler.h; sourceTree = "<group>"; };
		C08ED3591DE2EB7700BDC7D3 /* TXHRrettyRuler.m */ = {isa = PBXFileReference; fileEncoding = 4; lastKnownFileType = sourcecode.c.objc; path = TXHRrettyRuler.m; sourceTree = "<group>"; };
		C08ED35A1DE2EB7700BDC7D3 /* TXHRulerScrollView.h */ = {isa = PBXFileReference; fileEncoding = 4; lastKnownFileType = sourcecode.c.h; path = TXHRulerScrollView.h; sourceTree = "<group>"; };
		C08ED35B1DE2EB7700BDC7D3 /* TXHRulerScrollView.m */ = {isa = PBXFileReference; fileEncoding = 4; lastKnownFileType = sourcecode.c.objc; path = TXHRulerScrollView.m; sourceTree = "<group>"; };
		C0A84F101DE592C80049EF2F /* SettingViewController.h */ = {isa = PBXFileReference; fileEncoding = 4; lastKnownFileType = sourcecode.c.h; path = SettingViewController.h; sourceTree = "<group>"; };
		C0A84F111DE592C80049EF2F /* SettingViewController.m */ = {isa = PBXFileReference; fileEncoding = 4; lastKnownFileType = sourcecode.c.objc; path = SettingViewController.m; sourceTree = "<group>"; };
		C0A84F121DE592C80049EF2F /* SettingViewController.xib */ = {isa = PBXFileReference; fileEncoding = 4; lastKnownFileType = file.xib; path = SettingViewController.xib; sourceTree = "<group>"; };
		C0A84F151DE595B00049EF2F /* SettingTableViewCell.h */ = {isa = PBXFileReference; fileEncoding = 4; lastKnownFileType = sourcecode.c.h; path = SettingTableViewCell.h; sourceTree = "<group>"; };
		C0A84F161DE595B00049EF2F /* SettingTableViewCell.m */ = {isa = PBXFileReference; fileEncoding = 4; lastKnownFileType = sourcecode.c.objc; path = SettingTableViewCell.m; sourceTree = "<group>"; };
		C0A84F171DE595B00049EF2F /* SettingTableViewCell.xib */ = {isa = PBXFileReference; fileEncoding = 4; lastKnownFileType = file.xib; path = SettingTableViewCell.xib; sourceTree = "<group>"; };
		C0B996FE1DE958EE0080BB62 /* ForgetNumViewController.h */ = {isa = PBXFileReference; fileEncoding = 4; lastKnownFileType = sourcecode.c.h; path = ForgetNumViewController.h; sourceTree = "<group>"; };
		C0B996FF1DE958EE0080BB62 /* ForgetNumViewController.m */ = {isa = PBXFileReference; fileEncoding = 4; lastKnownFileType = sourcecode.c.objc; path = ForgetNumViewController.m; sourceTree = "<group>"; };
		C0B997001DE958EE0080BB62 /* ForgetNumViewController.xib */ = {isa = PBXFileReference; fileEncoding = 4; lastKnownFileType = file.xib; path = ForgetNumViewController.xib; sourceTree = "<group>"; };
		C0B997031DE9603D0080BB62 /* ForgetVerifyViewController.h */ = {isa = PBXFileReference; fileEncoding = 4; lastKnownFileType = sourcecode.c.h; path = ForgetVerifyViewController.h; sourceTree = "<group>"; };
		C0B997041DE9603D0080BB62 /* ForgetVerifyViewController.m */ = {isa = PBXFileReference; fileEncoding = 4; lastKnownFileType = sourcecode.c.objc; path = ForgetVerifyViewController.m; sourceTree = "<group>"; };
		C0B997051DE9603D0080BB62 /* ForgetVerifyViewController.xib */ = {isa = PBXFileReference; fileEncoding = 4; lastKnownFileType = file.xib; path = ForgetVerifyViewController.xib; sourceTree = "<group>"; };
		C0B997081DE965CD0080BB62 /* ResetPwdViewController.h */ = {isa = PBXFileReference; fileEncoding = 4; lastKnownFileType = sourcecode.c.h; path = ResetPwdViewController.h; sourceTree = "<group>"; };
		C0B997091DE965CD0080BB62 /* ResetPwdViewController.m */ = {isa = PBXFileReference; fileEncoding = 4; lastKnownFileType = sourcecode.c.objc; path = ResetPwdViewController.m; sourceTree = "<group>"; };
		C0B9970A1DE965CD0080BB62 /* ResetPwdViewController.xib */ = {isa = PBXFileReference; fileEncoding = 4; lastKnownFileType = file.xib; path = ResetPwdViewController.xib; sourceTree = "<group>"; };
		C0D72BC11DE6C8480055AD50 /* PNLineChartView.h */ = {isa = PBXFileReference; fileEncoding = 4; lastKnownFileType = sourcecode.c.h; path = PNLineChartView.h; sourceTree = "<group>"; };
		C0D72BC21DE6C8480055AD50 /* PNLineChartView.m */ = {isa = PBXFileReference; fileEncoding = 4; lastKnownFileType = sourcecode.c.objc; path = PNLineChartView.m; sourceTree = "<group>"; };
		C0D72BC31DE6C8480055AD50 /* PNPlot.h */ = {isa = PBXFileReference; fileEncoding = 4; lastKnownFileType = sourcecode.c.h; path = PNPlot.h; sourceTree = "<group>"; };
		C0D72BC41DE6C8480055AD50 /* PNPlot.m */ = {isa = PBXFileReference; fileEncoding = 4; lastKnownFileType = sourcecode.c.objc; path = PNPlot.m; sourceTree = "<group>"; };
		C0D72BC71DE6C8B50055AD50 /* LineViewController.h */ = {isa = PBXFileReference; fileEncoding = 4; lastKnownFileType = sourcecode.c.h; path = LineViewController.h; sourceTree = "<group>"; };
		C0D72BC81DE6C8B50055AD50 /* LineViewController.m */ = {isa = PBXFileReference; fileEncoding = 4; lastKnownFileType = sourcecode.c.objc; path = LineViewController.m; sourceTree = "<group>"; };
		C0D72BC91DE6C8B50055AD50 /* LineViewController.xib */ = {isa = PBXFileReference; fileEncoding = 4; lastKnownFileType = file.xib; path = LineViewController.xib; sourceTree = "<group>"; };
		C0E61F8F1DE3C64A0096ED0C /* InputViewController.m */ = {isa = PBXFileReference; fileEncoding = 4; lastKnownFileType = sourcecode.c.objc; path = InputViewController.m; sourceTree = "<group>"; };
		C0E61F921DE3DE6C0096ED0C /* BaseViewController.h */ = {isa = PBXFileReference; fileEncoding = 4; lastKnownFileType = sourcecode.c.h; path = BaseViewController.h; sourceTree = "<group>"; };
		C0E61F931DE3DE6C0096ED0C /* BaseViewController.m */ = {isa = PBXFileReference; fileEncoding = 4; lastKnownFileType = sourcecode.c.objc; path = BaseViewController.m; sourceTree = "<group>"; };
		C0E61F941DE3DE6C0096ED0C /* BaseViewController.xib */ = {isa = PBXFileReference; fileEncoding = 4; lastKnownFileType = file.xib; path = BaseViewController.xib; sourceTree = "<group>"; };
		C0E61F971DE3DEA50096ED0C /* heartRateViewController.h */ = {isa = PBXFileReference; fileEncoding = 4; lastKnownFileType = sourcecode.c.h; path = heartRateViewController.h; sourceTree = "<group>"; };
		C0E61F981DE3DEA50096ED0C /* heartRateViewController.m */ = {isa = PBXFileReference; fileEncoding = 4; lastKnownFileType = sourcecode.c.objc; path = heartRateViewController.m; sourceTree = "<group>"; };
		C0E61F991DE3DEA50096ED0C /* heartRateViewController.xib */ = {isa = PBXFileReference; fileEncoding = 4; lastKnownFileType = file.xib; path = heartRateViewController.xib; sourceTree = "<group>"; };
		C0E61F9D1DE435B80096ED0C /* PopoverView.h */ = {isa = PBXFileReference; fileEncoding = 4; lastKnownFileType = sourcecode.c.h; path = PopoverView.h; sourceTree = "<group>"; };
		C0E61F9E1DE435B80096ED0C /* PopoverView.m */ = {isa = PBXFileReference; fileEncoding = 4; lastKnownFileType = sourcecode.c.objc; path = PopoverView.m; sourceTree = "<group>"; };
		C0E61F9F1DE435B80096ED0C /* PopoverView_Configuration.h */ = {isa = PBXFileReference; fileEncoding = 4; lastKnownFileType = sourcecode.c.h; path = PopoverView_Configuration.h; sourceTree = "<group>"; };
		C0E61FA01DE435B80096ED0C /* PopoverViewCompatibility.h */ = {isa = PBXFileReference; fileEncoding = 4; lastKnownFileType = sourcecode.c.h; path = PopoverViewCompatibility.h; sourceTree = "<group>"; };
		C0E61FA11DE435B80096ED0C /* SHLineGraphView.h */ = {isa = PBXFileReference; fileEncoding = 4; lastKnownFileType = sourcecode.c.h; path = SHLineGraphView.h; sourceTree = "<group>"; };
		C0E61FA21DE435B80096ED0C /* SHLineGraphView.m */ = {isa = PBXFileReference; fileEncoding = 4; lastKnownFileType = sourcecode.c.objc; path = SHLineGraphView.m; sourceTree = "<group>"; };
		C0E61FA31DE435B80096ED0C /* SHPlot.h */ = {isa = PBXFileReference; fileEncoding = 4; lastKnownFileType = sourcecode.c.h; path = SHPlot.h; sourceTree = "<group>"; };
		C0E61FA41DE435B80096ED0C /* SHPlot.m */ = {isa = PBXFileReference; fileEncoding = 4; lastKnownFileType = sourcecode.c.objc; path = SHPlot.m; sourceTree = "<group>"; };
		C0F0B9F51DED012500BAEEB1 /* MBProgressHUD.h */ = {isa = PBXFileReference; fileEncoding = 4; lastKnownFileType = sourcecode.c.h; path = MBProgressHUD.h; sourceTree = "<group>"; };
		C0F0B9F61DED012500BAEEB1 /* MBProgressHUD.m */ = {isa = PBXFileReference; fileEncoding = 4; lastKnownFileType = sourcecode.c.objc; path = MBProgressHUD.m; sourceTree = "<group>"; };
		C0F9510A1DE5780C0009998C /* UIBarButtonItem+KM.h */ = {isa = PBXFileReference; fileEncoding = 4; lastKnownFileType = sourcecode.c.h; path = "UIBarButtonItem+KM.h"; sourceTree = "<group>"; };
		C0F9510B1DE5780C0009998C /* UIBarButtonItem+KM.m */ = {isa = PBXFileReference; fileEncoding = 4; lastKnownFileType = sourcecode.c.objc; path = "UIBarButtonItem+KM.m"; sourceTree = "<group>"; };
		C0F9510E1DE57A090009998C /* UIImage+KM.h */ = {isa = PBXFileReference; fileEncoding = 4; lastKnownFileType = sourcecode.c.h; path = "UIImage+KM.h"; sourceTree = "<group>"; };
		C0F9510F1DE57A090009998C /* UIImage+KM.m */ = {isa = PBXFileReference; fileEncoding = 4; lastKnownFileType = sourcecode.c.objc; path = "UIImage+KM.m"; sourceTree = "<group>"; };
		C0F951111DE57A090009998C /* UIView+KM.h */ = {isa = PBXFileReference; fileEncoding = 4; lastKnownFileType = sourcecode.c.h; path = "UIView+KM.h"; sourceTree = "<group>"; };
		C0F951121DE57A090009998C /* UIView+KM.m */ = {isa = PBXFileReference; fileEncoding = 4; lastKnownFileType = sourcecode.c.objc; path = "UIView+KM.m"; sourceTree = "<group>"; };
/* End PBXFileReference section */

/* Begin PBXFrameworksBuildPhase section */
		0440D6171DDE8803006242E2 /* Frameworks */ = {
			isa = PBXFrameworksBuildPhase;
			buildActionMask = 2147483647;
			files = (
				042F21BF1DDFD5FC003ADF50 /* libstdc++.tbd in Frameworks */,
				042F21BD1DDFD5ED003ADF50 /* JavaScriptCore.framework in Frameworks */,
				042F21BB1DDFD5E2003ADF50 /* MessageUI.framework in Frameworks */,
				042F21B91DDFD5D6003ADF50 /* libicucore.tbd in Frameworks */,
				042F21B71DDFD5C1003ADF50 /* libz.tbd in Frameworks */,
			);
			runOnlyForDeploymentPostprocessing = 0;
		};
		0440D6301DDE8804006242E2 /* Frameworks */ = {
			isa = PBXFrameworksBuildPhase;
			buildActionMask = 2147483647;
			files = (
			);
			runOnlyForDeploymentPostprocessing = 0;
		};
		0440D63B1DDE8804006242E2 /* Frameworks */ = {
			isa = PBXFrameworksBuildPhase;
			buildActionMask = 2147483647;
			files = (
			);
			runOnlyForDeploymentPostprocessing = 0;
		};
/* End PBXFrameworksBuildPhase section */

/* Begin PBXGroup section */
		042F21B51DDFD5C0003ADF50 /* Frameworks */ = {
			isa = PBXGroup;
			children = (
				042F21BE1DDFD5FC003ADF50 /* libstdc++.tbd */,
				042F21BC1DDFD5ED003ADF50 /* JavaScriptCore.framework */,
				042F21BA1DDFD5E2003ADF50 /* MessageUI.framework */,
				042F21B81DDFD5D6003ADF50 /* libicucore.tbd */,
				042F21B61DDFD5C1003ADF50 /* libz.tbd */,
			);
			name = Frameworks;
			sourceTree = "<group>";
		};
		0439A3EC1DE2CE5600D05E53 /* threePart */ = {
			isa = PBXGroup;
			children = (
				0439A3ED1DE2CE5600D05E53 /* Masonry */,
			);
			path = threePart;
			sourceTree = "<group>";
		};
		0439A3ED1DE2CE5600D05E53 /* Masonry */ = {
			isa = PBXGroup;
			children = (
				0439A3EE1DE2CE5600D05E53 /* Info.plist */,
				0439A3EF1DE2CE5600D05E53 /* MASCompositeConstraint.h */,
				0439A3F01DE2CE5600D05E53 /* MASCompositeConstraint.m */,
				0439A3F11DE2CE5600D05E53 /* MASConstraint+Private.h */,
				0439A3F21DE2CE5600D05E53 /* MASConstraint.h */,
				0439A3F31DE2CE5600D05E53 /* MASConstraint.m */,
				0439A3F41DE2CE5600D05E53 /* MASConstraintMaker.h */,
				0439A3F51DE2CE5600D05E53 /* MASConstraintMaker.m */,
				0439A3F61DE2CE5600D05E53 /* MASLayoutConstraint.h */,
				0439A3F71DE2CE5600D05E53 /* MASLayoutConstraint.m */,
				0439A3F81DE2CE5600D05E53 /* Masonry.h */,
				0439A3F91DE2CE5600D05E53 /* MASUtilities.h */,
				0439A3FA1DE2CE5600D05E53 /* MASViewAttribute.h */,
				0439A3FB1DE2CE5600D05E53 /* MASViewAttribute.m */,
				0439A3FC1DE2CE5600D05E53 /* MASViewConstraint.h */,
				0439A3FD1DE2CE5600D05E53 /* MASViewConstraint.m */,
				0439A3FE1DE2CE5600D05E53 /* NSArray+MASAdditions.h */,
				0439A3FF1DE2CE5600D05E53 /* NSArray+MASAdditions.m */,
				0439A4001DE2CE5600D05E53 /* NSArray+MASShorthandAdditions.h */,
				0439A4011DE2CE5600D05E53 /* NSLayoutConstraint+MASDebugAdditions.h */,
				0439A4021DE2CE5600D05E53 /* NSLayoutConstraint+MASDebugAdditions.m */,
				0439A4031DE2CE5600D05E53 /* View+MASAdditions.h */,
				0439A4041DE2CE5600D05E53 /* View+MASAdditions.m */,
				0439A4051DE2CE5600D05E53 /* View+MASShorthandAdditions.h */,
				0439A4061DE2CE5600D05E53 /* ViewController+MASAdditions.h */,
				0439A4071DE2CE5600D05E53 /* ViewController+MASAdditions.m */,
			);
			path = Masonry;
			sourceTree = "<group>";
		};
		0439A4131DE2E52300D05E53 /* Tool */ = {
			isa = PBXGroup;
			children = (
				044991D61DE3C9EA006719B2 /* MDPieView.h */,
				044991D71DE3C9EA006719B2 /* MDPieView.m */,
				0439A4141DE2E52300D05E53 /* WLCircleProgressView.h */,
				0439A4151DE2E52300D05E53 /* WLCircleProgressView.m */,
			);
			path = Tool;
			sourceTree = "<group>";
		};
		0440D6111DDE8803006242E2 = {
			isa = PBXGroup;
			children = (
				0440D61C1DDE8803006242E2 /* HealthAssistant */,
				0440D6361DDE8804006242E2 /* HealthAssistantTests */,
				0440D6411DDE8804006242E2 /* HealthAssistantUITests */,
				0440D61B1DDE8803006242E2 /* Products */,
				042F21B51DDFD5C0003ADF50 /* Frameworks */,
			);
			sourceTree = "<group>";
		};
		0440D61B1DDE8803006242E2 /* Products */ = {
			isa = PBXGroup;
			children = (
				0440D61A1DDE8803006242E2 /* HealthAssistant.app */,
				0440D6331DDE8804006242E2 /* HealthAssistantTests.xctest */,
				0440D63E1DDE8804006242E2 /* HealthAssistantUITests.xctest */,
			);
			name = Products;
			sourceTree = "<group>";
		};
		0440D61C1DDE8803006242E2 /* HealthAssistant */ = {
			isa = PBXGroup;
			children = (
				C0A84F0F1DE592420049EF2F /* Setting */,
				C0E61F911DE3DE600096ED0C /* Base */,
				C08ED3561DE2EB5900BDC7D3 /* thirdparty */,
				C00685181DE2C12300E29535 /* Tools */,
				0439A4131DE2E52300D05E53 /* Tool */,
				0439A3EC1DE2CE5600D05E53 /* threePart */,
				0440D6711DDED941006242E2 /* Load */,
				0440D6701DDED933006242E2 /* Home */,
				0440D6201DDE8803006242E2 /* AppDelegate.h */,
				0440D6211DDE8803006242E2 /* AppDelegate.m */,
				0440D6231DDE8803006242E2 /* ViewController.h */,
				0440D6241DDE8803006242E2 /* ViewController.m */,
				0440D6261DDE8803006242E2 /* Main.storyboard */,
				0440D6291DDE8803006242E2 /* Assets.xcassets */,
				0440D62B1DDE8803006242E2 /* LaunchScreen.storyboard */,
				0440D62E1DDE8803006242E2 /* Info.plist */,
				0440D61D1DDE8803006242E2 /* Supporting Files */,
			);
			path = HealthAssistant;
			sourceTree = "<group>";
		};
		0440D61D1DDE8803006242E2 /* Supporting Files */ = {
			isa = PBXGroup;
			children = (
				0440D61E1DDE8803006242E2 /* main.m */,
				C08ED3551DE2CF0E00BDC7D3 /* PrefixHeader.pch */,
			);
			name = "Supporting Files";
			sourceTree = "<group>";
		};
		0440D6361DDE8804006242E2 /* HealthAssistantTests */ = {
			isa = PBXGroup;
			children = (
				0440D6371DDE8804006242E2 /* HealthAssistantTests.m */,
				0440D6391DDE8804006242E2 /* Info.plist */,
			);
			path = HealthAssistantTests;
			sourceTree = "<group>";
		};
		0440D6411DDE8804006242E2 /* HealthAssistantUITests */ = {
			isa = PBXGroup;
			children = (
				0440D6421DDE8804006242E2 /* HealthAssistantUITests.m */,
				0440D6441DDE8804006242E2 /* Info.plist */,
			);
			path = HealthAssistantUITests;
			sourceTree = "<group>";
		};
		0440D6701DDED933006242E2 /* Home */ = {
			isa = PBXGroup;
			children = (
				0440D6811DDED960006242E2 /* HomeViewController.h */,
				0440D6821DDED960006242E2 /* HomeViewController.m */,
				C032B9BE1DE2C7AF000FB3C3 /* InputViewController.h */,
				C0E61F8F1DE3C64A0096ED0C /* InputViewController.m */,
				C032B9C01DE2C7AF000FB3C3 /* InputViewController.xib */,
				0439A3E71DE2C2EE00D05E53 /* HomeViewController1.h */,
				0439A3E81DE2C2EE00D05E53 /* HomeViewController1.m */,
				0439A3E91DE2C2EE00D05E53 /* HomeViewController1.xib */,
				C0E61F971DE3DEA50096ED0C /* heartRateViewController.h */,
				C0E61F981DE3DEA50096ED0C /* heartRateViewController.m */,
				C0E61F991DE3DEA50096ED0C /* heartRateViewController.xib */,
				C056E4891DE518CE00E0490F /* BloodGlucoseViewController.h */,
				C056E48A1DE518CE00E0490F /* BloodGlucoseViewController.m */,
				C056E48B1DE518CE00E0490F /* BloodGlucoseViewController.xib */,
				C056E48E1DE51B6600E0490F /* BloodPressureViewController.h */,
				C056E48F1DE51B6600E0490F /* BloodPressureViewController.m */,
				C056E4901DE51B6600E0490F /* BloodPressureViewController.xib */,
				C056E4931DE51F4A00E0490F /* PhotoViewController.h */,
				C056E4941DE51F4A00E0490F /* PhotoViewController.m */,
				C056E4951DE51F4A00E0490F /* PhotoViewController.xib */,
				C0D72BC71DE6C8B50055AD50 /* LineViewController.h */,
				C0D72BC81DE6C8B50055AD50 /* LineViewController.m */,
				C0D72BC91DE6C8B50055AD50 /* LineViewController.xib */,
			);
			path = Home;
			sourceTree = "<group>";
		};
		0440D6711DDED941006242E2 /* Load */ = {
			isa = PBXGroup;
			children = (
				0440D6721DDED941006242E2 /* LoadViewController.h */,
				0440D6731DDED941006242E2 /* LoadViewController.m */,
				0440D6741DDED941006242E2 /* LoadViewController.xib */,
				0440D6751DDED941006242E2 /* RegisterViewController.h */,
				0440D6761DDED941006242E2 /* RegisterViewController.m */,
				0440D6771DDED941006242E2 /* RegisterViewController.xib */,
				0440D6781DDED941006242E2 /* SetPassWordViewController.h */,
				0440D6791DDED941006242E2 /* SetPassWordViewController.m */,
				0440D67A1DDED941006242E2 /* SetPassWordViewController.xib */,
				C0B996FE1DE958EE0080BB62 /* ForgetNumViewController.h */,
				C0B996FF1DE958EE0080BB62 /* ForgetNumViewController.m */,
				C0B997001DE958EE0080BB62 /* ForgetNumViewController.xib */,
				C0B997031DE9603D0080BB62 /* ForgetVerifyViewController.h */,
				C0B997041DE9603D0080BB62 /* ForgetVerifyViewController.m */,
				C0B997051DE9603D0080BB62 /* ForgetVerifyViewController.xib */,
				C0B997081DE965CD0080BB62 /* ResetPwdViewController.h */,
				C0B997091DE965CD0080BB62 /* ResetPwdViewController.m */,
				C0B9970A1DE965CD0080BB62 /* ResetPwdViewController.xib */,
			);
			path = Load;
			sourceTree = "<group>";
		};
		C00685181DE2C12300E29535 /* Tools */ = {
			isa = PBXGroup;
			children = (
				C0F0B9F41DED012500BAEEB1 /* MBProgressHUD */,
				C0F9510D1DE57A090009998C /* UIImage */,
				C0F951101DE57A090009998C /* UIView */,
				C0F951091DE5780C0009998C /* NavigationItem */,
				C00685191DE2C1CD00E29535 /* UrlString.h */,
				C006851A1DE2C1CD00E29535 /* UrlString.m */,
			);
			path = Tools;
			sourceTree = "<group>";
		};
		C056E4981DE5434600E0490F /* AFNetworking */ = {
			isa = PBXGroup;
			children = (
				C056E4991DE5434600E0490F /* AFNetworking */,
				C056E4BF1DE5434600E0490F /* XHNetworking.h */,
				C056E4C01DE5434600E0490F /* XHNetworking.m */,
			);
			path = AFNetworking;
			sourceTree = "<group>";
		};
		C056E4991DE5434600E0490F /* AFNetworking */ = {
			isa = PBXGroup;
			children = (
				C056E49A1DE5434600E0490F /* AFNetworking */,
				C056E4A81DE5434600E0490F /* LICENSE */,
				C056E4A91DE5434600E0490F /* README.md */,
				C056E4AA1DE5434600E0490F /* UIKit+AFNetworking */,
			);
			path = AFNetworking;
			sourceTree = "<group>";
		};
		C056E49A1DE5434600E0490F /* AFNetworking */ = {
			isa = PBXGroup;
			children = (
				C056E49B1DE5434600E0490F /* AFHTTPSessionManager.h */,
				C056E49C1DE5434600E0490F /* AFHTTPSessionManager.m */,
				C056E49D1DE5434600E0490F /* AFNetworking.h */,
				C056E49E1DE5434600E0490F /* AFNetworkReachabilityManager.h */,
				C056E49F1DE5434600E0490F /* AFNetworkReachabilityManager.m */,
				C056E4A01DE5434600E0490F /* AFSecurityPolicy.h */,
				C056E4A11DE5434600E0490F /* AFSecurityPolicy.m */,
				C056E4A21DE5434600E0490F /* AFURLRequestSerialization.h */,
				C056E4A31DE5434600E0490F /* AFURLRequestSerialization.m */,
				C056E4A41DE5434600E0490F /* AFURLResponseSerialization.h */,
				C056E4A51DE5434600E0490F /* AFURLResponseSerialization.m */,
				C056E4A61DE5434600E0490F /* AFURLSessionManager.h */,
				C056E4A71DE5434600E0490F /* AFURLSessionManager.m */,
			);
			path = AFNetworking;
			sourceTree = "<group>";
		};
		C056E4AA1DE5434600E0490F /* UIKit+AFNetworking */ = {
			isa = PBXGroup;
			children = (
				C056E4AB1DE5434600E0490F /* AFAutoPurgingImageCache.h */,
				C056E4AC1DE5434600E0490F /* AFAutoPurgingImageCache.m */,
				C056E4AD1DE5434600E0490F /* AFImageDownloader.h */,
				C056E4AE1DE5434600E0490F /* AFImageDownloader.m */,
				C056E4AF1DE5434600E0490F /* AFNetworkActivityIndicatorManager.h */,
				C056E4B01DE5434600E0490F /* AFNetworkActivityIndicatorManager.m */,
				C056E4B11DE5434600E0490F /* UIActivityIndicatorView+AFNetworking.h */,
				C056E4B21DE5434600E0490F /* UIActivityIndicatorView+AFNetworking.m */,
				C056E4B31DE5434600E0490F /* UIButton+AFNetworking.h */,
				C056E4B41DE5434600E0490F /* UIButton+AFNetworking.m */,
				C056E4B51DE5434600E0490F /* UIImage+AFNetworking.h */,
				C056E4B61DE5434600E0490F /* UIImageView+AFNetworking.h */,
				C056E4B71DE5434600E0490F /* UIImageView+AFNetworking.m */,
				C056E4B81DE5434600E0490F /* UIKit+AFNetworking.h */,
				C056E4B91DE5434600E0490F /* UIProgressView+AFNetworking.h */,
				C056E4BA1DE5434600E0490F /* UIProgressView+AFNetworking.m */,
				C056E4BB1DE5434600E0490F /* UIRefreshControl+AFNetworking.h */,
				C056E4BC1DE5434600E0490F /* UIRefreshControl+AFNetworking.m */,
				C056E4BD1DE5434600E0490F /* UIWebView+AFNetworking.h */,
				C056E4BE1DE5434600E0490F /* UIWebView+AFNetworking.m */,
			);
			path = "UIKit+AFNetworking";
			sourceTree = "<group>";
		};
		C08ED3561DE2EB5900BDC7D3 /* thirdparty */ = {
			isa = PBXGroup;
			children = (
				C0D72BC01DE6C8480055AD50 /* PNLineChart */,
				C056E4981DE5434600E0490F /* AFNetworking */,
				C0E61F9C1DE435B80096ED0C /* SHLineGraphView */,
				C08ED3571DE2EB7700BDC7D3 /* PrettyRulerClass */,
			);
			path = thirdparty;
			sourceTree = "<group>";
		};
		C08ED3571DE2EB7700BDC7D3 /* PrettyRulerClass */ = {
			isa = PBXGroup;
			children = (
				C08ED3581DE2EB7700BDC7D3 /* TXHRrettyRuler.h */,
				C08ED3591DE2EB7700BDC7D3 /* TXHRrettyRuler.m */,
				C08ED35A1DE2EB7700BDC7D3 /* TXHRulerScrollView.h */,
				C08ED35B1DE2EB7700BDC7D3 /* TXHRulerScrollView.m */,
			);
			path = PrettyRulerClass;
			sourceTree = "<group>";
		};
		C0A84F0F1DE592420049EF2F /* Setting */ = {
			isa = PBXGroup;
			children = (
				C0A84F101DE592C80049EF2F /* SettingViewController.h */,
				C0A84F111DE592C80049EF2F /* SettingViewController.m */,
				C0A84F121DE592C80049EF2F /* SettingViewController.xib */,
				C0A84F151DE595B00049EF2F /* SettingTableViewCell.h */,
				C0A84F161DE595B00049EF2F /* SettingTableViewCell.m */,
				C0A84F171DE595B00049EF2F /* SettingTableViewCell.xib */,
				C00F02A71DEE75A600ABFA5A /* CollectionViewCell.h */,
				C00F02A81DEE75A600ABFA5A /* CollectionViewCell.m */,
				C00F02A91DEE75A600ABFA5A /* CollectionViewCell.xib */,
			);
			path = Setting;
			sourceTree = "<group>";
		};
		C0D72BC01DE6C8480055AD50 /* PNLineChart */ = {
			isa = PBXGroup;
			children = (
				C0D72BC11DE6C8480055AD50 /* PNLineChartView.h */,
				C0D72BC21DE6C8480055AD50 /* PNLineChartView.m */,
				C0D72BC31DE6C8480055AD50 /* PNPlot.h */,
				C0D72BC41DE6C8480055AD50 /* PNPlot.m */,
			);
			path = PNLineChart;
			sourceTree = "<group>";
		};
		C0E61F911DE3DE600096ED0C /* Base */ = {
			isa = PBXGroup;
			children = (
				C0E61F921DE3DE6C0096ED0C /* BaseViewController.h */,
				C0E61F931DE3DE6C0096ED0C /* BaseViewController.m */,
				C0E61F941DE3DE6C0096ED0C /* BaseViewController.xib */,
			);
			path = Base;
			sourceTree = "<group>";
		};
		C0E61F9C1DE435B80096ED0C /* SHLineGraphView */ = {
			isa = PBXGroup;
			children = (
				C0E61F9D1DE435B80096ED0C /* PopoverView.h */,
				C0E61F9E1DE435B80096ED0C /* PopoverView.m */,
				C0E61F9F1DE435B80096ED0C /* PopoverView_Configuration.h */,
				C0E61FA01DE435B80096ED0C /* PopoverViewCompatibility.h */,
				C0E61FA11DE435B80096ED0C /* SHLineGraphView.h */,
				C0E61FA21DE435B80096ED0C /* SHLineGraphView.m */,
				C0E61FA31DE435B80096ED0C /* SHPlot.h */,
				C0E61FA41DE435B80096ED0C /* SHPlot.m */,
			);
			path = SHLineGraphView;
			sourceTree = "<group>";
		};
		C0F0B9F41DED012500BAEEB1 /* MBProgressHUD */ = {
			isa = PBXGroup;
			children = (
				C0F0B9F51DED012500BAEEB1 /* MBProgressHUD.h */,
				C0F0B9F61DED012500BAEEB1 /* MBProgressHUD.m */,
			);
			path = MBProgressHUD;
			sourceTree = "<group>";
		};
		C0F951091DE5780C0009998C /* NavigationItem */ = {
			isa = PBXGroup;
			children = (
				C0F9510A1DE5780C0009998C /* UIBarButtonItem+KM.h */,
				C0F9510B1DE5780C0009998C /* UIBarButtonItem+KM.m */,
			);
			path = NavigationItem;
			sourceTree = "<group>";
		};
		C0F9510D1DE57A090009998C /* UIImage */ = {
			isa = PBXGroup;
			children = (
				C0F9510E1DE57A090009998C /* UIImage+KM.h */,
				C0F9510F1DE57A090009998C /* UIImage+KM.m */,
			);
			path = UIImage;
			sourceTree = "<group>";
		};
		C0F951101DE57A090009998C /* UIView */ = {
			isa = PBXGroup;
			children = (
				C0F951111DE57A090009998C /* UIView+KM.h */,
				C0F951121DE57A090009998C /* UIView+KM.m */,
			);
			path = UIView;
			sourceTree = "<group>";
		};
/* End PBXGroup section */

/* Begin PBXNativeTarget section */
		0440D6191DDE8803006242E2 /* HealthAssistant */ = {
			isa = PBXNativeTarget;
			buildConfigurationList = 0440D6471DDE8804006242E2 /* Build configuration list for PBXNativeTarget "HealthAssistant" */;
			buildPhases = (
				0440D6161DDE8803006242E2 /* Sources */,
				0440D6171DDE8803006242E2 /* Frameworks */,
				0440D6181DDE8803006242E2 /* Resources */,
			);
			buildRules = (
			);
			dependencies = (
			);
			name = HealthAssistant;
			productName = HealthAssistant;
			productReference = 0440D61A1DDE8803006242E2 /* HealthAssistant.app */;
			productType = "com.apple.product-type.application";
		};
		0440D6321DDE8804006242E2 /* HealthAssistantTests */ = {
			isa = PBXNativeTarget;
			buildConfigurationList = 0440D64A1DDE8804006242E2 /* Build configuration list for PBXNativeTarget "HealthAssistantTests" */;
			buildPhases = (
				0440D62F1DDE8804006242E2 /* Sources */,
				0440D6301DDE8804006242E2 /* Frameworks */,
				0440D6311DDE8804006242E2 /* Resources */,
			);
			buildRules = (
			);
			dependencies = (
				0440D6351DDE8804006242E2 /* PBXTargetDependency */,
			);
			name = HealthAssistantTests;
			productName = HealthAssistantTests;
			productReference = 0440D6331DDE8804006242E2 /* HealthAssistantTests.xctest */;
			productType = "com.apple.product-type.bundle.unit-test";
		};
		0440D63D1DDE8804006242E2 /* HealthAssistantUITests */ = {
			isa = PBXNativeTarget;
			buildConfigurationList = 0440D64D1DDE8804006242E2 /* Build configuration list for PBXNativeTarget "HealthAssistantUITests" */;
			buildPhases = (
				0440D63A1DDE8804006242E2 /* Sources */,
				0440D63B1DDE8804006242E2 /* Frameworks */,
				0440D63C1DDE8804006242E2 /* Resources */,
			);
			buildRules = (
			);
			dependencies = (
				0440D6401DDE8804006242E2 /* PBXTargetDependency */,
			);
			name = HealthAssistantUITests;
			productName = HealthAssistantUITests;
			productReference = 0440D63E1DDE8804006242E2 /* HealthAssistantUITests.xctest */;
			productType = "com.apple.product-type.bundle.ui-testing";
		};
/* End PBXNativeTarget section */

/* Begin PBXProject section */
		0440D6121DDE8803006242E2 /* Project object */ = {
			isa = PBXProject;
			attributes = {
				LastUpgradeCheck = 0810;
				ORGANIZATIONNAME = zcg;
				TargetAttributes = {
					0440D6191DDE8803006242E2 = {
						CreatedOnToolsVersion = 8.0;
						DevelopmentTeam = 7384QXCWNP;
						ProvisioningStyle = Manual;
					};
					0440D6321DDE8804006242E2 = {
						CreatedOnToolsVersion = 8.0;
						ProvisioningStyle = Automatic;
						TestTargetID = 0440D6191DDE8803006242E2;
					};
					0440D63D1DDE8804006242E2 = {
						CreatedOnToolsVersion = 8.0;
						ProvisioningStyle = Automatic;
						TestTargetID = 0440D6191DDE8803006242E2;
					};
				};
			};
			buildConfigurationList = 0440D6151DDE8803006242E2 /* Build configuration list for PBXProject "HealthAssistant" */;
			compatibilityVersion = "Xcode 3.2";
			developmentRegion = English;
			hasScannedForEncodings = 0;
			knownRegions = (
				en,
				Base,
			);
			mainGroup = 0440D6111DDE8803006242E2;
			productRefGroup = 0440D61B1DDE8803006242E2 /* Products */;
			projectDirPath = "";
			projectRoot = "";
			targets = (
				0440D6191DDE8803006242E2 /* HealthAssistant */,
				0440D6321DDE8804006242E2 /* HealthAssistantTests */,
				0440D63D1DDE8804006242E2 /* HealthAssistantUITests */,
			);
		};
/* End PBXProject section */

/* Begin PBXResourcesBuildPhase section */
		0440D6181DDE8803006242E2 /* Resources */ = {
			isa = PBXResourcesBuildPhase;
			buildActionMask = 2147483647;
			files = (
				C056E48D1DE518CE00E0490F /* BloodGlucoseViewController.xib in Resources */,
				C0B9970C1DE965CD0080BB62 /* ResetPwdViewController.xib in Resources */,
				C00F02AB1DEE75A600ABFA5A /* CollectionViewCell.xib in Resources */,
				0439A4081DE2CE5600D05E53 /* Info.plist in Resources */,
				C0B997021DE958EE0080BB62 /* ForgetNumViewController.xib in Resources */,
				C0E61F961DE3DE6C0096ED0C /* BaseViewController.xib in Resources */,
				0440D62D1DDE8803006242E2 /* LaunchScreen.storyboard in Resources */,
				C0D72BCB1DE6C8B50055AD50 /* LineViewController.xib in Resources */,
				C0B997071DE9603D0080BB62 /* ForgetVerifyViewController.xib in Resources */,
				0440D62A1DDE8803006242E2 /* Assets.xcassets in Resources */,
				C0A84F191DE595B00049EF2F /* SettingTableViewCell.xib in Resources */,
				0440D6801DDED941006242E2 /* SetPassWordViewController.xib in Resources */,
				C032B9C21DE2C7AF000FB3C3 /* InputViewController.xib in Resources */,
				C0A84F141DE592C80049EF2F /* SettingViewController.xib in Resources */,
				0440D6281DDE8803006242E2 /* Main.storyboard in Resources */,
				0440D67C1DDED941006242E2 /* LoadViewController.xib in Resources */,
				C056E4C71DE5434600E0490F /* LICENSE in Resources */,
				C056E4971DE51F4A00E0490F /* PhotoViewController.xib in Resources */,
				0440D67E1DDED941006242E2 /* RegisterViewController.xib in Resources */,
				C0E61F9B1DE3DEA50096ED0C /* heartRateViewController.xib in Resources */,
				0439A3EB1DE2C2EE00D05E53 /* HomeViewController1.xib in Resources */,
				C056E4921DE51B6600E0490F /* BloodPressureViewController.xib in Resources */,
			);
			runOnlyForDeploymentPostprocessing = 0;
		};
		0440D6311DDE8804006242E2 /* Resources */ = {
			isa = PBXResourcesBuildPhase;
			buildActionMask = 2147483647;
			files = (
			);
			runOnlyForDeploymentPostprocessing = 0;
		};
		0440D63C1DDE8804006242E2 /* Resources */ = {
			isa = PBXResourcesBuildPhase;
			buildActionMask = 2147483647;
			files = (
			);
			runOnlyForDeploymentPostprocessing = 0;
		};
/* End PBXResourcesBuildPhase section */

/* Begin PBXSourcesBuildPhase section */
		0440D6161DDE8803006242E2 /* Sources */ = {
			isa = PBXSourcesBuildPhase;
			buildActionMask = 2147483647;
			files = (
				C08ED35D1DE2EB7700BDC7D3 /* TXHRulerScrollView.m in Sources */,
				C0E61FA71DE435B80096ED0C /* SHPlot.m in Sources */,
				C00F02AA1DEE75A600ABFA5A /* CollectionViewCell.m in Sources */,
				C0D72BCA1DE6C8B50055AD50 /* LineViewController.m in Sources */,
				C0E61F9A1DE3DEA50096ED0C /* heartRateViewController.m in Sources */,
				C006851B1DE2C1CD00E29535 /* UrlString.m in Sources */,
				0440D6251DDE8803006242E2 /* ViewController.m in Sources */,
				0439A3EA1DE2C2EE00D05E53 /* HomeViewController1.m in Sources */,
				C056E4CA1DE5434600E0490F /* AFImageDownloader.m in Sources */,
				C0F0B9F71DED012500BAEEB1 /* MBProgressHUD.m in Sources */,
				C056E4911DE51B6600E0490F /* BloodPressureViewController.m in Sources */,
				C0A84F181DE595B00049EF2F /* SettingTableViewCell.m in Sources */,
				C0F951131DE57A090009998C /* UIImage+KM.m in Sources */,
				0439A4161DE2E52300D05E53 /* WLCircleProgressView.m in Sources */,
				C056E4C51DE5434600E0490F /* AFURLResponseSerialization.m in Sources */,
				C0A84F131DE592C80049EF2F /* SettingViewController.m in Sources */,
				0439A40F1DE2CE5600D05E53 /* NSArray+MASAdditions.m in Sources */,
				0440D6221DDE8803006242E2 /* AppDelegate.m in Sources */,
				0440D67F1DDED941006242E2 /* SetPassWordViewController.m in Sources */,
				C056E4D21DE5434600E0490F /* XHNetworking.m in Sources */,
				0439A4111DE2CE5600D05E53 /* View+MASAdditions.m in Sources */,
				0439A40C1DE2CE5600D05E53 /* MASLayoutConstraint.m in Sources */,
				0439A40A1DE2CE5600D05E53 /* MASConstraint.m in Sources */,
				C0F951141DE57A090009998C /* UIView+KM.m in Sources */,
				C056E4CE1DE5434600E0490F /* UIImageView+AFNetworking.m in Sources */,
				C056E4C91DE5434600E0490F /* AFAutoPurgingImageCache.m in Sources */,
				C0E61F951DE3DE6C0096ED0C /* BaseViewController.m in Sources */,
				0439A4101DE2CE5600D05E53 /* NSLayoutConstraint+MASDebugAdditions.m in Sources */,
				C056E4D11DE5434600E0490F /* UIWebView+AFNetworking.m in Sources */,
				C056E4D01DE5434600E0490F /* UIRefreshControl+AFNetworking.m in Sources */,
				0439A4091DE2CE5600D05E53 /* MASCompositeConstraint.m in Sources */,
				0440D61F1DDE8803006242E2 /* main.m in Sources */,
				C0E61FA51DE435B80096ED0C /* PopoverView.m in Sources */,
				C08ED35C1DE2EB7700BDC7D3 /* TXHRrettyRuler.m in Sources */,
				C0B9970B1DE965CD0080BB62 /* ResetPwdViewController.m in Sources */,
				C0E61F901DE3C64A0096ED0C /* InputViewController.m in Sources */,
				C056E4C31DE5434600E0490F /* AFSecurityPolicy.m in Sources */,
				C056E4CF1DE5434600E0490F /* UIProgressView+AFNetworking.m in Sources */,
				0440D67B1DDED941006242E2 /* LoadViewController.m in Sources */,
				C056E4CB1DE5434600E0490F /* AFNetworkActivityIndicatorManager.m in Sources */,
				C0F9510C1DE5780C0009998C /* UIBarButtonItem+KM.m in Sources */,
				C0B997011DE958EE0080BB62 /* ForgetNumViewController.m in Sources */,
				0440D6831DDED960006242E2 /* HomeViewController.m in Sources */,
				0439A40B1DE2CE5600D05E53 /* MASConstraintMaker.m in Sources */,
				C0B997061DE9603D0080BB62 /* ForgetVerifyViewController.m in Sources */,
				0439A4121DE2CE5600D05E53 /* ViewController+MASAdditions.m in Sources */,
				C0D72BC61DE6C8480055AD50 /* PNPlot.m in Sources */,
				C056E4961DE51F4A00E0490F /* PhotoViewController.m in Sources */,
				C056E4C41DE5434600E0490F /* AFURLRequestSerialization.m in Sources */,
				C056E4C61DE5434600E0490F /* AFURLSessionManager.m in Sources */,
				C056E4CC1DE5434600E0490F /* UIActivityIndicatorView+AFNetworking.m in Sources */,
				C056E4C81DE5434600E0490F /* README.md in Sources */,
				044991D81DE3C9EA006719B2 /* MDPieView.m in Sources */,
				C056E4C11DE5434600E0490F /* AFHTTPSessionManager.m in Sources */,
				C056E4C21DE5434600E0490F /* AFNetworkReachabilityManager.m in Sources */,
				C056E4CD1DE5434600E0490F /* UIButton+AFNetworking.m in Sources */,
				C0E61FA61DE435B80096ED0C /* SHLineGraphView.m in Sources */,
				0439A40E1DE2CE5600D05E53 /* MASViewConstraint.m in Sources */,
				C0D72BC51DE6C8480055AD50 /* PNLineChartView.m in Sources */,
				0440D67D1DDED941006242E2 /* RegisterViewController.m in Sources */,
				C056E48C1DE518CE00E0490F /* BloodGlucoseViewController.m in Sources */,
				0439A40D1DE2CE5600D05E53 /* MASViewAttribute.m in Sources */,
			);
			runOnlyForDeploymentPostprocessing = 0;
		};
		0440D62F1DDE8804006242E2 /* Sources */ = {
			isa = PBXSourcesBuildPhase;
			buildActionMask = 2147483647;
			files = (
				0440D6381DDE8804006242E2 /* HealthAssistantTests.m in Sources */,
			);
			runOnlyForDeploymentPostprocessing = 0;
		};
		0440D63A1DDE8804006242E2 /* Sources */ = {
			isa = PBXSourcesBuildPhase;
			buildActionMask = 2147483647;
			files = (
				0440D6431DDE8804006242E2 /* HealthAssistantUITests.m in Sources */,
			);
			runOnlyForDeploymentPostprocessing = 0;
		};
/* End PBXSourcesBuildPhase section */

/* Begin PBXTargetDependency section */
		0440D6351DDE8804006242E2 /* PBXTargetDependency */ = {
			isa = PBXTargetDependency;
			target = 0440D6191DDE8803006242E2 /* HealthAssistant */;
			targetProxy = 0440D6341DDE8804006242E2 /* PBXContainerItemProxy */;
		};
		0440D6401DDE8804006242E2 /* PBXTargetDependency */ = {
			isa = PBXTargetDependency;
			target = 0440D6191DDE8803006242E2 /* HealthAssistant */;
			targetProxy = 0440D63F1DDE8804006242E2 /* PBXContainerItemProxy */;
		};
/* End PBXTargetDependency section */

/* Begin PBXVariantGroup section */
		0440D6261DDE8803006242E2 /* Main.storyboard */ = {
			isa = PBXVariantGroup;
			children = (
				0440D6271DDE8803006242E2 /* Base */,
			);
			name = Main.storyboard;
			sourceTree = "<group>";
		};
		0440D62B1DDE8803006242E2 /* LaunchScreen.storyboard */ = {
			isa = PBXVariantGroup;
			children = (
				0440D62C1DDE8803006242E2 /* Base */,
			);
			name = LaunchScreen.storyboard;
			sourceTree = "<group>";
		};
/* End PBXVariantGroup section */

/* Begin XCBuildConfiguration section */
		0440D6451DDE8804006242E2 /* Debug */ = {
			isa = XCBuildConfiguration;
			buildSettings = {
				ALWAYS_SEARCH_USER_PATHS = NO;
				CLANG_ANALYZER_NONNULL = YES;
				CLANG_CXX_LANGUAGE_STANDARD = "gnu++0x";
				CLANG_CXX_LIBRARY = "libc++";
				CLANG_ENABLE_MODULES = YES;
				CLANG_ENABLE_OBJC_ARC = YES;
				CLANG_WARN_BOOL_CONVERSION = YES;
				CLANG_WARN_CONSTANT_CONVERSION = YES;
				CLANG_WARN_DIRECT_OBJC_ISA_USAGE = YES_ERROR;
				CLANG_WARN_DOCUMENTATION_COMMENTS = YES;
				CLANG_WARN_EMPTY_BODY = YES;
				CLANG_WARN_ENUM_CONVERSION = YES;
				CLANG_WARN_INFINITE_RECURSION = YES;
				CLANG_WARN_INT_CONVERSION = YES;
				CLANG_WARN_OBJC_ROOT_CLASS = YES_ERROR;
				CLANG_WARN_SUSPICIOUS_MOVE = YES;
				CLANG_WARN_SUSPICIOUS_MOVES = YES;
				CLANG_WARN_UNREACHABLE_CODE = YES;
				CLANG_WARN__DUPLICATE_METHOD_MATCH = YES;
				"CODE_SIGN_IDENTITY[sdk=iphoneos*]" = "iPhone Developer";
				COPY_PHASE_STRIP = NO;
				DEBUG_INFORMATION_FORMAT = dwarf;
				ENABLE_STRICT_OBJC_MSGSEND = YES;
				ENABLE_TESTABILITY = YES;
				GCC_C_LANGUAGE_STANDARD = gnu99;
				GCC_DYNAMIC_NO_PIC = NO;
				GCC_NO_COMMON_BLOCKS = YES;
				GCC_OPTIMIZATION_LEVEL = 0;
				GCC_PRECOMPILE_PREFIX_HEADER = YES;
				GCC_PREFIX_HEADER = "$(SRCROOT)/HealthAssistant/PrefixHeader.pch";
				GCC_PREPROCESSOR_DEFINITIONS = (
					"DEBUG=1",
					"$(inherited)",
				);
				GCC_WARN_64_TO_32_BIT_CONVERSION = YES;
				GCC_WARN_ABOUT_RETURN_TYPE = YES_ERROR;
				GCC_WARN_UNDECLARED_SELECTOR = YES;
				GCC_WARN_UNINITIALIZED_AUTOS = YES_AGGRESSIVE;
				GCC_WARN_UNUSED_FUNCTION = YES;
				GCC_WARN_UNUSED_VARIABLE = YES;
				IPHONEOS_DEPLOYMENT_TARGET = 10.0;
				MTL_ENABLE_DEBUG_INFO = YES;
				ONLY_ACTIVE_ARCH = YES;
				SDKROOT = iphoneos;
				TARGETED_DEVICE_FAMILY = "1,2";
			};
			name = Debug;
		};
		0440D6461DDE8804006242E2 /* Release */ = {
			isa = XCBuildConfiguration;
			buildSettings = {
				ALWAYS_SEARCH_USER_PATHS = NO;
				CLANG_ANALYZER_NONNULL = YES;
				CLANG_CXX_LANGUAGE_STANDARD = "gnu++0x";
				CLANG_CXX_LIBRARY = "libc++";
				CLANG_ENABLE_MODULES = YES;
				CLANG_ENABLE_OBJC_ARC = YES;
				CLANG_WARN_BOOL_CONVERSION = YES;
				CLANG_WARN_CONSTANT_CONVERSION = YES;
				CLANG_WARN_DIRECT_OBJC_ISA_USAGE = YES_ERROR;
				CLANG_WARN_DOCUMENTATION_COMMENTS = YES;
				CLANG_WARN_EMPTY_BODY = YES;
				CLANG_WARN_ENUM_CONVERSION = YES;
				CLANG_WARN_INFINITE_RECURSION = YES;
				CLANG_WARN_INT_CONVERSION = YES;
				CLANG_WARN_OBJC_ROOT_CLASS = YES_ERROR;
				CLANG_WARN_SUSPICIOUS_MOVE = YES;
				CLANG_WARN_SUSPICIOUS_MOVES = YES;
				CLANG_WARN_UNREACHABLE_CODE = YES;
				CLANG_WARN__DUPLICATE_METHOD_MATCH = YES;
				"CODE_SIGN_IDENTITY[sdk=iphoneos*]" = "iPhone Developer";
				COPY_PHASE_STRIP = NO;
				DEBUG_INFORMATION_FORMAT = "dwarf-with-dsym";
				ENABLE_NS_ASSERTIONS = NO;
				ENABLE_STRICT_OBJC_MSGSEND = YES;
				GCC_C_LANGUAGE_STANDARD = gnu99;
				GCC_NO_COMMON_BLOCKS = YES;
				GCC_PRECOMPILE_PREFIX_HEADER = YES;
				GCC_PREFIX_HEADER = "$(SRCROOT)/HealthAssistant/PrefixHeader.pch";
				GCC_WARN_64_TO_32_BIT_CONVERSION = YES;
				GCC_WARN_ABOUT_RETURN_TYPE = YES_ERROR;
				GCC_WARN_UNDECLARED_SELECTOR = YES;
				GCC_WARN_UNINITIALIZED_AUTOS = YES_AGGRESSIVE;
				GCC_WARN_UNUSED_FUNCTION = YES;
				GCC_WARN_UNUSED_VARIABLE = YES;
				IPHONEOS_DEPLOYMENT_TARGET = 10.0;
				MTL_ENABLE_DEBUG_INFO = NO;
				SDKROOT = iphoneos;
				TARGETED_DEVICE_FAMILY = "1,2";
				VALIDATE_PRODUCT = YES;
			};
			name = Release;
		};
		0440D6481DDE8804006242E2 /* Debug */ = {
			isa = XCBuildConfiguration;
			buildSettings = {
				ASSETCATALOG_COMPILER_APPICON_NAME = AppIcon;
				DEVELOPMENT_TEAM = 7384QXCWNP;
				FRAMEWORK_SEARCH_PATHS = (
					"$(inherited)",
					"$(PROJECT_DIR)/HealthAssistant/SMS_SDK",
				);
				INFOPLIST_FILE = HealthAssistant/Info.plist;
				IPHONEOS_DEPLOYMENT_TARGET = 8.0;
				LD_RUNPATH_SEARCH_PATHS = "$(inherited) @executable_path/Frameworks";
				PRODUCT_BUNDLE_IDENTIFIER = com.zhezhewl.HealthAssistant;
				PRODUCT_NAME = "$(TARGET_NAME)";
				PROVISIONING_PROFILE = "c7e59886-2317-4fc1-958b-d0a6d9184993";
				PROVISIONING_PROFILE_SPECIFIER = zhezhewangluo;
				TARGETED_DEVICE_FAMILY = 1;
			};
			name = Debug;
		};
		0440D6491DDE8804006242E2 /* Release */ = {
			isa = XCBuildConfiguration;
			buildSettings = {
				ASSETCATALOG_COMPILER_APPICON_NAME = AppIcon;
				DEVELOPMENT_TEAM = 7384QXCWNP;
				FRAMEWORK_SEARCH_PATHS = (
					"$(inherited)",
					"$(PROJECT_DIR)/HealthAssistant/SMS_SDK",
				);
				INFOPLIST_FILE = HealthAssistant/Info.plist;
				IPHONEOS_DEPLOYMENT_TARGET = 8.0;
				LD_RUNPATH_SEARCH_PATHS = "$(inherited) @executable_path/Frameworks";
				PRODUCT_BUNDLE_IDENTIFIER = com.zhezhewl.HealthAssistant;
				PRODUCT_NAME = "$(TARGET_NAME)";
				PROVISIONING_PROFILE = "c7e59886-2317-4fc1-958b-d0a6d9184993";
				PROVISIONING_PROFILE_SPECIFIER = zhezhewangluo;
				TARGETED_DEVICE_FAMILY = 1;
			};
			name = Release;
		};
		0440D64B1DDE8804006242E2 /* Debug */ = {
			isa = XCBuildConfiguration;
			buildSettings = {
				BUNDLE_LOADER = "$(TEST_HOST)";
				INFOPLIST_FILE = HealthAssistantTests/Info.plist;
				LD_RUNPATH_SEARCH_PATHS = "$(inherited) @executable_path/Frameworks @loader_path/Frameworks";
				PRODUCT_BUNDLE_IDENTIFIER = com.d.HealthAssistantTests;
				PRODUCT_NAME = "$(TARGET_NAME)";
				TEST_HOST = "$(BUILT_PRODUCTS_DIR)/HealthAssistant.app/HealthAssistant";
			};
			name = Debug;
		};
		0440D64C1DDE8804006242E2 /* Release */ = {
			isa = XCBuildConfiguration;
			buildSettings = {
				BUNDLE_LOADER = "$(TEST_HOST)";
				INFOPLIST_FILE = HealthAssistantTests/Info.plist;
				LD_RUNPATH_SEARCH_PATHS = "$(inherited) @executable_path/Frameworks @loader_path/Frameworks";
				PRODUCT_BUNDLE_IDENTIFIER = com.d.HealthAssistantTests;
				PRODUCT_NAME = "$(TARGET_NAME)";
				TEST_HOST = "$(BUILT_PRODUCTS_DIR)/HealthAssistant.app/HealthAssistant";
			};
			name = Release;
		};
		0440D64E1DDE8804006242E2 /* Debug */ = {
			isa = XCBuildConfiguration;
			buildSettings = {
				INFOPLIST_FILE = HealthAssistantUITests/Info.plist;
				LD_RUNPATH_SEARCH_PATHS = "$(inherited) @executable_path/Frameworks @loader_path/Frameworks";
				PRODUCT_BUNDLE_IDENTIFIER = com.d.HealthAssistantUITests;
				PRODUCT_NAME = "$(TARGET_NAME)";
				TEST_TARGET_NAME = HealthAssistant;
			};
			name = Debug;
		};
		0440D64F1DDE8804006242E2 /* Release */ = {
			isa = XCBuildConfiguration;
			buildSettings = {
				INFOPLIST_FILE = HealthAssistantUITests/Info.plist;
				LD_RUNPATH_SEARCH_PATHS = "$(inherited) @executable_path/Frameworks @loader_path/Frameworks";
				PRODUCT_BUNDLE_IDENTIFIER = com.d.HealthAssistantUITests;
				PRODUCT_NAME = "$(TARGET_NAME)";
				TEST_TARGET_NAME = HealthAssistant;
			};
			name = Release;
		};
/* End XCBuildConfiguration section */

/* Begin XCConfigurationList section */
		0440D6151DDE8803006242E2 /* Build configuration list for PBXProject "HealthAssistant" */ = {
			isa = XCConfigurationList;
			buildConfigurations = (
				0440D6451DDE8804006242E2 /* Debug */,
				0440D6461DDE8804006242E2 /* Release */,
			);
			defaultConfigurationIsVisible = 0;
			defaultConfigurationName = Release;
		};
		0440D6471DDE8804006242E2 /* Build configuration list for PBXNativeTarget "HealthAssistant" */ = {
			isa = XCConfigurationList;
			buildConfigurations = (
				0440D6481DDE8804006242E2 /* Debug */,
				0440D6491DDE8804006242E2 /* Release */,
			);
			defaultConfigurationIsVisible = 0;
			defaultConfigurationName = Release;
		};
		0440D64A1DDE8804006242E2 /* Build configuration list for PBXNativeTarget "HealthAssistantTests" */ = {
			isa = XCConfigurationList;
			buildConfigurations = (
				0440D64B1DDE8804006242E2 /* Debug */,
				0440D64C1DDE8804006242E2 /* Release */,
			);
			defaultConfigurationIsVisible = 0;
			defaultConfigurationName = Release;
		};
		0440D64D1DDE8804006242E2 /* Build configuration list for PBXNativeTarget "HealthAssistantUITests" */ = {
			isa = XCConfigurationList;
			buildConfigurations = (
				0440D64E1DDE8804006242E2 /* Debug */,
				0440D64F1DDE8804006242E2 /* Release */,
			);
			defaultConfigurationIsVisible = 0;
			defaultConfigurationName = Release;
		};
/* End XCConfigurationList section */
	};
	rootObject = 0440D6121DDE8803006242E2 /* Project object */;
}
